// !$*UTF8*$!
{
	archiveVersion = 1;
	classes = {
	};
	objectVersion = 63;
	objects = {

/* Begin PBXBuildFile section */
		0340700014414B7D8BCD8779 /* Inter_18pt-Thin.ttf in Resources */ = {isa = PBXBuildFile; fileRef = 13AECF9582DC413FAF254548 /* Inter_18pt-Thin.ttf */; };
		040F425D313C415E98DE7ED6 /* Inter_18pt-BlackItalic.ttf in Resources */ = {isa = PBXBuildFile; fileRef = 14CAD39E93A042628431D565 /* Inter_18pt-BlackItalic.ttf */; };
		05AA5A339DA14171B7CFD1BD /* Inter_24pt-SemiBoldItalic.ttf in Resources */ = {isa = PBXBuildFile; fileRef = A044831284CC461ABAB2629B /* Inter_24pt-SemiBoldItalic.ttf */; };
		05D3FC239B0446D1A2E8F3B0 /* Inter_28pt-LightItalic.ttf in Resources */ = {isa = PBXBuildFile; fileRef = 0D56F2E665584EEC8A88021A /* Inter_28pt-LightItalic.ttf */; };
		076DEB5235AC49958419E3E4 /* Inter_28pt-Bold.ttf in Resources */ = {isa = PBXBuildFile; fileRef = 9E4D6F10BE874DFF9647D373 /* Inter_28pt-Bold.ttf */; };
		091A85BD2D49BAEC00CC05FE /* GoogleService-Info.plist in Resources */ = {isa = PBXBuildFile; fileRef = 091A85BC2D49BAEC00CC05FE /* GoogleService-Info.plist */; };
		0EF4BB52AD0C4A7B85AC4847 /* Inter_28pt-ThinItalic.ttf in Resources */ = {isa = PBXBuildFile; fileRef = 3E9F320A832A47B8A6C86A6B /* Inter_28pt-ThinItalic.ttf */; };
		13B07FBF1A68108700A75B9A /* Images.xcassets in Resources */ = {isa = PBXBuildFile; fileRef = 13B07FB51A68108700A75B9A /* Images.xcassets */; };
		166F7C8150A94C37A7846122 /* Inter_28pt-ExtraLight.ttf in Resources */ = {isa = PBXBuildFile; fileRef = 92FD507A57DD45F3B0666976 /* Inter_28pt-ExtraLight.ttf */; };
		1B10A38CBA0B46ADA1DCB7E8 /* Inter_18pt-ExtraBoldItalic.ttf in Resources */ = {isa = PBXBuildFile; fileRef = C3D3B4CC2BB741E68659BD93 /* Inter_18pt-ExtraBoldItalic.ttf */; };
		1D6890E8592940BDA94E8ED9 /* Inter_24pt-SemiBold.ttf in Resources */ = {isa = PBXBuildFile; fileRef = 83806808626F4DEEACD39487 /* Inter_24pt-SemiBold.ttf */; };
		1E2251060E434DA782591D35 /* Poppins-LightItalic.ttf in Resources */ = {isa = PBXBuildFile; fileRef = 10D4132CEB7F4279BCCB8478 /* Poppins-LightItalic.ttf */; };
		2389BEDF96494E6F95C1DAFF /* Inter_28pt-Light.ttf in Resources */ = {isa = PBXBuildFile; fileRef = 14F24C1A90F94B1AAC7A00DF /* Inter_28pt-Light.ttf */; };
		25886AA9956F4900BFF2F786 /* Poppins-ExtraLight.ttf in Resources */ = {isa = PBXBuildFile; fileRef = 23AD50926D954D24A683841E /* Poppins-ExtraLight.ttf */; };
		263EC7C54AAB1BE1F7B7C5C4 /* PrivacyInfo.xcprivacy in Resources */ = {isa = PBXBuildFile; fileRef = 13B07FB81A68108700A75B9A /* PrivacyInfo.xcprivacy */; };
		2D2E4F198DD14B43A71048FE /* Inter_24pt-BoldItalic.ttf in Resources */ = {isa = PBXBuildFile; fileRef = 47524C77C7854D42B216D081 /* Inter_24pt-BoldItalic.ttf */; };
		30D23C630CE14B84959D5DD5 /* Inter-Italic-VariableFont_opsz,wght.ttf in Resources */ = {isa = PBXBuildFile; fileRef = 935BA859CB4F43AA9BB502BC /* Inter-Italic-VariableFont_opsz,wght.ttf */; };
		40E7F27A2F2941D6A0B66AF6 /* Poppins-Bold.ttf in Resources */ = {isa = PBXBuildFile; fileRef = EFAE20EF8EF64000BE2F42A6 /* Poppins-Bold.ttf */; };
		4B43C94126FD4588BE3D895A /* Inter_18pt-ExtraLightItalic.ttf in Resources */ = {isa = PBXBuildFile; fileRef = 19C4216FDE124AB5B733F945 /* Inter_18pt-ExtraLightItalic.ttf */; };
		4FE0B294D6934B57A56E22EB /* Inter_18pt-SemiBold.ttf in Resources */ = {isa = PBXBuildFile; fileRef = 0E3C4069AA5E4538AF116006 /* Inter_18pt-SemiBold.ttf */; };
		5095F314ECCE4D7A84520951 /* Inter_24pt-ExtraLightItalic.ttf in Resources */ = {isa = PBXBuildFile; fileRef = 5ABBCD1682244F849D93A8B3 /* Inter_24pt-ExtraLightItalic.ttf */; };
		50DDAF701D484E00B4820D8E /* Inter_18pt-LightItalic.ttf in Resources */ = {isa = PBXBuildFile; fileRef = CAEB2C9D51584C0E928D0993 /* Inter_18pt-LightItalic.ttf */; };
		5583C5BC8B5247DBB94936F6 /* Poppins-Regular.ttf in Resources */ = {isa = PBXBuildFile; fileRef = A419878102B5412AACB9E652 /* Poppins-Regular.ttf */; };
		568DF97C19744026837D0A95 /* Inter_18pt-ExtraBold.ttf in Resources */ = {isa = PBXBuildFile; fileRef = 122C0B4D071E4AFB92B20318 /* Inter_18pt-ExtraBold.ttf */; };
		60D247C7F6D6493986F2D98F /* Poppins-ExtraLightItalic.ttf in Resources */ = {isa = PBXBuildFile; fileRef = E1214FE821594FDDAB133F5C /* Poppins-ExtraLightItalic.ttf */; };
		67D542630A604BBCA130C2A4 /* Poppins-ExtraBoldItalic.ttf in Resources */ = {isa = PBXBuildFile; fileRef = 0E2074866B9A4CDABD1A03D0 /* Poppins-ExtraBoldItalic.ttf */; };
		6ABF34563E6FD9535A97DB82 /* BuildFile in Frameworks */ = {isa = PBXBuildFile; };
		6DF8BA9744E342F6A506771B /* Poppins-ExtraBold.ttf in Resources */ = {isa = PBXBuildFile; fileRef = 8C4B2F60A0ED4E9FB3409F4B /* Poppins-ExtraBold.ttf */; };
		75DDF0C13967429B873D2140 /* Poppins-SemiBold.ttf in Resources */ = {isa = PBXBuildFile; fileRef = 103B8568C133487DA601B94B /* Poppins-SemiBold.ttf */; };
		761780ED2CA45674006654EE /* AppDelegate.swift in Sources */ = {isa = PBXBuildFile; fileRef = 761780EC2CA45674006654EE /* AppDelegate.swift */; };
		796CEA92715E41DE84FF9781 /* Inter_18pt-ExtraLight.ttf in Resources */ = {isa = PBXBuildFile; fileRef = DCD92EED5C00464685CE6C39 /* Inter_18pt-ExtraLight.ttf */; };
		7A3100ADD3A04C089FE9E9B8 /* Inter_18pt-Regular.ttf in Resources */ = {isa = PBXBuildFile; fileRef = 1A22F5A00BFA4563BE4A434E /* Inter_18pt-Regular.ttf */; };
		7A4F5808B6A443B3899D0379 /* Inter_28pt-ExtraBold.ttf in Resources */ = {isa = PBXBuildFile; fileRef = 2C22147B71004D6281824270 /* Inter_28pt-ExtraBold.ttf */; };
		7B937F68161C44ED8D3BD3A1 /* Inter_18pt-Bold.ttf in Resources */ = {isa = PBXBuildFile; fileRef = CE0B0467CC2248848ADB99A4 /* Inter_18pt-Bold.ttf */; };
		81AB9BB82411601600AC10FF /* LaunchScreen.storyboard in Resources */ = {isa = PBXBuildFile; fileRef = 81AB9BB72411601600AC10FF /* LaunchScreen.storyboard */; };
		83A592533E257F6D66222276 /* Pods_Skyline.framework in Frameworks */ = {isa = PBXBuildFile; fileRef = 5049CDE71C0F026A1DF52EF3 /* Pods_Skyline.framework */; };
		84D1223CD03248CB89E13814 /* Inter_28pt-BoldItalic.ttf in Resources */ = {isa = PBXBuildFile; fileRef = 9314D1083871418F9250643A /* Inter_28pt-BoldItalic.ttf */; };
		8608F9B9CD2C4217BCC5D4A1 /* Poppins-Black.ttf in Resources */ = {isa = PBXBuildFile; fileRef = DCF9CDF5061F463B80592B5B /* Poppins-Black.ttf */; };
		86C84BF27BD0402B98C64FE2 /* Poppins-SemiBoldItalic.ttf in Resources */ = {isa = PBXBuildFile; fileRef = AE8B7F09D295423FACAE57BE /* Poppins-SemiBoldItalic.ttf */; };
		8757113241684E93B0A1C41B /* Inter_24pt-ExtraLight.ttf in Resources */ = {isa = PBXBuildFile; fileRef = 168B40170DC54860AD119427 /* Inter_24pt-ExtraLight.ttf */; };
		8AD48E6567F049799E91CAFD /* Inter_18pt-SemiBoldItalic.ttf in Resources */ = {isa = PBXBuildFile; fileRef = C6B8009F6E3640028AEF49BF /* Inter_18pt-SemiBoldItalic.ttf */; };
		908676542AC9446688149653 /* Inter_28pt-SemiBold.ttf in Resources */ = {isa = PBXBuildFile; fileRef = 4902FD17400E4B8085F5E422 /* Inter_28pt-SemiBold.ttf */; };
		929AACC684124DD7A6D28A11 /* Inter_24pt-BlackItalic.ttf in Resources */ = {isa = PBXBuildFile; fileRef = A5A02EAEA4EA4D40BA789C7F /* Inter_24pt-BlackItalic.ttf */; };
		9356C9CA97274665AB4799E7 /* Inter_28pt-ExtraBoldItalic.ttf in Resources */ = {isa = PBXBuildFile; fileRef = 79D7A93488F149F3BC8E4C8C /* Inter_28pt-ExtraBoldItalic.ttf */; };
		9478DA9300D34E16A1E1C857 /* Inter-VariableFont_opsz,wght.ttf in Resources */ = {isa = PBXBuildFile; fileRef = 2DD65599574F44F89D936289 /* Inter-VariableFont_opsz,wght.ttf */; };
		98728128526A4B9E86348394 /* Inter_28pt-ExtraLightItalic.ttf in Resources */ = {isa = PBXBuildFile; fileRef = 25F0EF564EED4BC9A8D23B7A /* Inter_28pt-ExtraLightItalic.ttf */; };
		9B00939711EA4B2D887F2AF6 /* Inter_24pt-ThinItalic.ttf in Resources */ = {isa = PBXBuildFile; fileRef = 3249EA6234A1438C8B40E838 /* Inter_24pt-ThinItalic.ttf */; };
		9CBFA0B991F0493FBD522467 /* Inter_24pt-Medium.ttf in Resources */ = {isa = PBXBuildFile; fileRef = A6688832FF8540D08545E92F /* Inter_24pt-Medium.ttf */; };
		9D36D52200234489A3D72CB1 /* Inter_18pt-ThinItalic.ttf in Resources */ = {isa = PBXBuildFile; fileRef = DF7C0755BD10472190A23006 /* Inter_18pt-ThinItalic.ttf */; };
		9E0B42494F7F48C5B990E87C /* Inter_24pt-LightItalic.ttf in Resources */ = {isa = PBXBuildFile; fileRef = C4733EF1E2614388B80127B1 /* Inter_24pt-LightItalic.ttf */; };
		9F8436DD6FF7403EAEA4DE4F /* Inter_28pt-MediumItalic.ttf in Resources */ = {isa = PBXBuildFile; fileRef = 074176F7D0B74EABA637A386 /* Inter_28pt-MediumItalic.ttf */; };
		A36AD46C11CB4334A4F7098F /* Inter_28pt-Black.ttf in Resources */ = {isa = PBXBuildFile; fileRef = CB79E8BC1A4C468CADFF9599 /* Inter_28pt-Black.ttf */; };
		A5B62176CBC64D8BB23DD49E /* Inter_24pt-Thin.ttf in Resources */ = {isa = PBXBuildFile; fileRef = 4EAECDEA85424F628B695F25 /* Inter_24pt-Thin.ttf */; };
		A6D9FE4B6C5D41A4A5C15FE9 /* Inter_28pt-SemiBoldItalic.ttf in Resources */ = {isa = PBXBuildFile; fileRef = 30A77AEB0B3749B78A3121FE /* Inter_28pt-SemiBoldItalic.ttf */; };
		A9A646F6EDD04051A64577E1 /* Inter_18pt-Medium.ttf in Resources */ = {isa = PBXBuildFile; fileRef = 0B56413CB4DD4A1292A32339 /* Inter_18pt-Medium.ttf */; };
		AB5ADCCD10B04343AA2D3396 /* Inter_18pt-Light.ttf in Resources */ = {isa = PBXBuildFile; fileRef = 199645764C974E2C91D4EBD3 /* Inter_18pt-Light.ttf */; };
		AB65E1E7A54348D2840027D2 /* Inter_18pt-MediumItalic.ttf in Resources */ = {isa = PBXBuildFile; fileRef = C17ABA24758D4AF0A626A83B /* Inter_18pt-MediumItalic.ttf */; };
		ADB1FFD3565240AA8F05B527 /* Inter_28pt-Italic.ttf in Resources */ = {isa = PBXBuildFile; fileRef = 954D049C761C4153BB3731C6 /* Inter_28pt-Italic.ttf */; };
		B1446B66D5E84982B9595E12 /* Inter_24pt-Black.ttf in Resources */ = {isa = PBXBuildFile; fileRef = BC1BBD77D72E44D09262160F /* Inter_24pt-Black.ttf */; };
		B209A6DDDE7549429D7F6361 /* Inter_18pt-Italic.ttf in Resources */ = {isa = PBXBuildFile; fileRef = 45943F0A02E144B0B65F8FB3 /* Inter_18pt-Italic.ttf */; };
		BC60051636F14E29987302AC /* Poppins-BoldItalic.ttf in Resources */ = {isa = PBXBuildFile; fileRef = B01A5F2066054BC393931E9F /* Poppins-BoldItalic.ttf */; };
		C744B6CD476F44649B59C2BF /* Inter_24pt-Bold.ttf in Resources */ = {isa = PBXBuildFile; fileRef = 6858177C71A64AC0841AC55C /* Inter_24pt-Bold.ttf */; };
		C904D5775B1A4717A09CE973 /* Inter_18pt-Black.ttf in Resources */ = {isa = PBXBuildFile; fileRef = AB5B672B82DD4F50BF7D2388 /* Inter_18pt-Black.ttf */; };
		C9959A3A3BF94F3EA65BC66C /* Poppins-Thin.ttf in Resources */ = {isa = PBXBuildFile; fileRef = 56795BB4B7014CCA97405724 /* Poppins-Thin.ttf */; };
		CC401A24DB364A43AD095D88 /* Inter_28pt-Medium.ttf in Resources */ = {isa = PBXBuildFile; fileRef = 97390942E1894AC28E7A768E /* Inter_28pt-Medium.ttf */; };
		D660160946764A419E6342DA /* Inter_24pt-Light.ttf in Resources */ = {isa = PBXBuildFile; fileRef = F876EDAE50054113BCD43724 /* Inter_24pt-Light.ttf */; };
		D8DAAAC8BB184F6BAA0C0FB7 /* Poppins-BlackItalic.ttf in Resources */ = {isa = PBXBuildFile; fileRef = A5D88FA5F9D748A59884B224 /* Poppins-BlackItalic.ttf */; };
		DBCA49169C144503BF7219DF /* Poppins-Italic.ttf in Resources */ = {isa = PBXBuildFile; fileRef = 460ECB6408FA4DE69FAB5391 /* Poppins-Italic.ttf */; };
		DC3E67F074934266B67A1EBE /* Inter_24pt-Italic.ttf in Resources */ = {isa = PBXBuildFile; fileRef = DAE9DC4385104A8AA4AC5A97 /* Inter_24pt-Italic.ttf */; };
		DDB5E949FD1843929E1377C2 /* Poppins-Light.ttf in Resources */ = {isa = PBXBuildFile; fileRef = 7A674DFC6750404BAF6D7845 /* Poppins-Light.ttf */; };
		E0AB14D01F6D43BDA8600211 /* Inter_28pt-Regular.ttf in Resources */ = {isa = PBXBuildFile; fileRef = 5C02A6E5335F497283DE267C /* Inter_28pt-Regular.ttf */; };
		E2C82B28BADA43459C7777EA /* Inter_24pt-Regular.ttf in Resources */ = {isa = PBXBuildFile; fileRef = E498F2019D1B4FF3A0D08F16 /* Inter_24pt-Regular.ttf */; };
		E5857DC1264B4DB49CD646DC /* RampartOne-Regular.ttf in Resources */ = {isa = PBXBuildFile; fileRef = 5BF0E64F693D411D906B473B /* RampartOne-Regular.ttf */; };
		E5964BE67824481E89EBF88B /* Inter_24pt-ExtraBoldItalic.ttf in Resources */ = {isa = PBXBuildFile; fileRef = DA25F5C06FFE46DB9AEB2C18 /* Inter_24pt-ExtraBoldItalic.ttf */; };
		ED4404FDF52A4BE7BDD7EA59 /* Inter_28pt-Thin.ttf in Resources */ = {isa = PBXBuildFile; fileRef = 8DB7AA81AD6E47EB894DE748 /* Inter_28pt-Thin.ttf */; };
		F0FE6421019B4D08823315C4 /* Inter_28pt-BlackItalic.ttf in Resources */ = {isa = PBXBuildFile; fileRef = 5AFFD740980E4B73912D7062 /* Inter_28pt-BlackItalic.ttf */; };
		F2219A711CB5429D8131A891 /* Inter_24pt-ExtraBold.ttf in Resources */ = {isa = PBXBuildFile; fileRef = 2B86E60BFFF8403893736C28 /* Inter_24pt-ExtraBold.ttf */; };
		F6A8677157AE49A8A5825C7B /* Inter_18pt-BoldItalic.ttf in Resources */ = {isa = PBXBuildFile; fileRef = FF8A10DEB20E4547BBB70860 /* Inter_18pt-BoldItalic.ttf */; };
		F9251991F496450D9A330519 /* Poppins-ThinItalic.ttf in Resources */ = {isa = PBXBuildFile; fileRef = 2E98A4C7979446C8A94BE44B /* Poppins-ThinItalic.ttf */; };
		F9FDC472F0374069BDB61094 /* Poppins-MediumItalic.ttf in Resources */ = {isa = PBXBuildFile; fileRef = CE177154640740BB85E531CC /* Poppins-MediumItalic.ttf */; };
		FB6F98614AF54646B34CA9BA /* Poppins-Medium.ttf in Resources */ = {isa = PBXBuildFile; fileRef = 247836884F92408C85195232 /* Poppins-Medium.ttf */; };
		FBF81BCDC42C4989A2FD5355 /* Inter_24pt-MediumItalic.ttf in Resources */ = {isa = PBXBuildFile; fileRef = 00EE725320404B0FAA73DF75 /* Inter_24pt-MediumItalic.ttf */; };
/* End PBXBuildFile section */

/* Begin PBXFileReference section */
		00EE725320404B0FAA73DF75 /* Inter_24pt-MediumItalic.ttf */ = {isa = PBXFileReference; explicitFileType = undefined; fileEncoding = 9; includeInIndex = 0; lastKnownFileType = unknown; name = "Inter_24pt-MediumItalic.ttf"; path = "../src/assets/fonts/Inter/static/Inter_24pt-MediumItalic.ttf"; sourceTree = "<group>"; };
		074176F7D0B74EABA637A386 /* Inter_28pt-MediumItalic.ttf */ = {isa = PBXFileReference; explicitFileType = undefined; fileEncoding = 9; includeInIndex = 0; lastKnownFileType = unknown; name = "Inter_28pt-MediumItalic.ttf"; path = "../src/assets/fonts/Inter/static/Inter_28pt-MediumItalic.ttf"; sourceTree = "<group>"; };
		091A85BC2D49BAEC00CC05FE /* GoogleService-Info.plist */ = {isa = PBXFileReference; lastKnownFileType = text.plist.xml; path = "GoogleService-Info.plist"; sourceTree = "<group>"; };
		0AB28DA1081963AA678C6DD1 /* Pods-Skyline.release.xcconfig */ = {isa = PBXFileReference; includeInIndex = 1; lastKnownFileType = text.xcconfig; name = "Pods-Skyline.release.xcconfig"; path = "Target Support Files/Pods-Skyline/Pods-Skyline.release.xcconfig"; sourceTree = "<group>"; };
		0B56413CB4DD4A1292A32339 /* Inter_18pt-Medium.ttf */ = {isa = PBXFileReference; explicitFileType = undefined; fileEncoding = 9; includeInIndex = 0; lastKnownFileType = unknown; name = "Inter_18pt-Medium.ttf"; path = "../src/assets/fonts/Inter/static/Inter_18pt-Medium.ttf"; sourceTree = "<group>"; };
		0D56F2E665584EEC8A88021A /* Inter_28pt-LightItalic.ttf */ = {isa = PBXFileReference; explicitFileType = undefined; fileEncoding = 9; includeInIndex = 0; lastKnownFileType = unknown; name = "Inter_28pt-LightItalic.ttf"; path = "../src/assets/fonts/Inter/static/Inter_28pt-LightItalic.ttf"; sourceTree = "<group>"; };
		0E2074866B9A4CDABD1A03D0 /* Poppins-ExtraBoldItalic.ttf */ = {isa = PBXFileReference; explicitFileType = undefined; fileEncoding = 9; includeInIndex = 0; lastKnownFileType = unknown; name = "Poppins-ExtraBoldItalic.ttf"; path = "../src/assets/fonts/Poppins/Poppins-ExtraBoldItalic.ttf"; sourceTree = "<group>"; };
		0E3C4069AA5E4538AF116006 /* Inter_18pt-SemiBold.ttf */ = {isa = PBXFileReference; explicitFileType = undefined; fileEncoding = 9; includeInIndex = 0; lastKnownFileType = unknown; name = "Inter_18pt-SemiBold.ttf"; path = "../src/assets/fonts/Inter/static/Inter_18pt-SemiBold.ttf"; sourceTree = "<group>"; };
		103B8568C133487DA601B94B /* Poppins-SemiBold.ttf */ = {isa = PBXFileReference; explicitFileType = undefined; fileEncoding = 9; includeInIndex = 0; lastKnownFileType = unknown; name = "Poppins-SemiBold.ttf"; path = "../src/assets/fonts/Poppins/Poppins-SemiBold.ttf"; sourceTree = "<group>"; };
		10D4132CEB7F4279BCCB8478 /* Poppins-LightItalic.ttf */ = {isa = PBXFileReference; explicitFileType = undefined; fileEncoding = 9; includeInIndex = 0; lastKnownFileType = unknown; name = "Poppins-LightItalic.ttf"; path = "../src/assets/fonts/Poppins/Poppins-LightItalic.ttf"; sourceTree = "<group>"; };
		122C0B4D071E4AFB92B20318 /* Inter_18pt-ExtraBold.ttf */ = {isa = PBXFileReference; explicitFileType = undefined; fileEncoding = 9; includeInIndex = 0; lastKnownFileType = unknown; name = "Inter_18pt-ExtraBold.ttf"; path = "../src/assets/fonts/Inter/static/Inter_18pt-ExtraBold.ttf"; sourceTree = "<group>"; };
		13AECF9582DC413FAF254548 /* Inter_18pt-Thin.ttf */ = {isa = PBXFileReference; explicitFileType = undefined; fileEncoding = 9; includeInIndex = 0; lastKnownFileType = unknown; name = "Inter_18pt-Thin.ttf"; path = "../src/assets/fonts/Inter/static/Inter_18pt-Thin.ttf"; sourceTree = "<group>"; };
		13B07F961A680F5B00A75B9A /* Skyline.app */ = {isa = PBXFileReference; explicitFileType = wrapper.application; includeInIndex = 0; path = Skyline.app; sourceTree = BUILT_PRODUCTS_DIR; };
		13B07FB51A68108700A75B9A /* Images.xcassets */ = {isa = PBXFileReference; lastKnownFileType = folder.assetcatalog; name = Images.xcassets; path = Skyline/Images.xcassets; sourceTree = "<group>"; };
		13B07FB61A68108700A75B9A /* Info.plist */ = {isa = PBXFileReference; fileEncoding = 4; lastKnownFileType = text.plist.xml; name = Info.plist; path = Skyline/Info.plist; sourceTree = "<group>"; };
		13B07FB81A68108700A75B9A /* PrivacyInfo.xcprivacy */ = {isa = PBXFileReference; fileEncoding = 4; lastKnownFileType = text.plist.xml; name = PrivacyInfo.xcprivacy; path = Skyline/PrivacyInfo.xcprivacy; sourceTree = "<group>"; };
		14CAD39E93A042628431D565 /* Inter_18pt-BlackItalic.ttf */ = {isa = PBXFileReference; explicitFileType = undefined; fileEncoding = 9; includeInIndex = 0; lastKnownFileType = unknown; name = "Inter_18pt-BlackItalic.ttf"; path = "../src/assets/fonts/Inter/static/Inter_18pt-BlackItalic.ttf"; sourceTree = "<group>"; };
		14F24C1A90F94B1AAC7A00DF /* Inter_28pt-Light.ttf */ = {isa = PBXFileReference; explicitFileType = undefined; fileEncoding = 9; includeInIndex = 0; lastKnownFileType = unknown; name = "Inter_28pt-Light.ttf"; path = "../src/assets/fonts/Inter/static/Inter_28pt-Light.ttf"; sourceTree = "<group>"; };
		168B40170DC54860AD119427 /* Inter_24pt-ExtraLight.ttf */ = {isa = PBXFileReference; explicitFileType = undefined; fileEncoding = 9; includeInIndex = 0; lastKnownFileType = unknown; name = "Inter_24pt-ExtraLight.ttf"; path = "../src/assets/fonts/Inter/static/Inter_24pt-ExtraLight.ttf"; sourceTree = "<group>"; };
		199645764C974E2C91D4EBD3 /* Inter_18pt-Light.ttf */ = {isa = PBXFileReference; explicitFileType = undefined; fileEncoding = 9; includeInIndex = 0; lastKnownFileType = unknown; name = "Inter_18pt-Light.ttf"; path = "../src/assets/fonts/Inter/static/Inter_18pt-Light.ttf"; sourceTree = "<group>"; };
		19C4216FDE124AB5B733F945 /* Inter_18pt-ExtraLightItalic.ttf */ = {isa = PBXFileReference; explicitFileType = undefined; fileEncoding = 9; includeInIndex = 0; lastKnownFileType = unknown; name = "Inter_18pt-ExtraLightItalic.ttf"; path = "../src/assets/fonts/Inter/static/Inter_18pt-ExtraLightItalic.ttf"; sourceTree = "<group>"; };
		1A22F5A00BFA4563BE4A434E /* Inter_18pt-Regular.ttf */ = {isa = PBXFileReference; explicitFileType = undefined; fileEncoding = 9; includeInIndex = 0; lastKnownFileType = unknown; name = "Inter_18pt-Regular.ttf"; path = "../src/assets/fonts/Inter/static/Inter_18pt-Regular.ttf"; sourceTree = "<group>"; };
		23AD50926D954D24A683841E /* Poppins-ExtraLight.ttf */ = {isa = PBXFileReference; explicitFileType = undefined; fileEncoding = 9; includeInIndex = 0; lastKnownFileType = unknown; name = "Poppins-ExtraLight.ttf"; path = "../src/assets/fonts/Poppins/Poppins-ExtraLight.ttf"; sourceTree = "<group>"; };
		247836884F92408C85195232 /* Poppins-Medium.ttf */ = {isa = PBXFileReference; explicitFileType = undefined; fileEncoding = 9; includeInIndex = 0; lastKnownFileType = unknown; name = "Poppins-Medium.ttf"; path = "../src/assets/fonts/Poppins/Poppins-Medium.ttf"; sourceTree = "<group>"; };
		25F0EF564EED4BC9A8D23B7A /* Inter_28pt-ExtraLightItalic.ttf */ = {isa = PBXFileReference; explicitFileType = undefined; fileEncoding = 9; includeInIndex = 0; lastKnownFileType = unknown; name = "Inter_28pt-ExtraLightItalic.ttf"; path = "../src/assets/fonts/Inter/static/Inter_28pt-ExtraLightItalic.ttf"; sourceTree = "<group>"; };
		2B86E60BFFF8403893736C28 /* Inter_24pt-ExtraBold.ttf */ = {isa = PBXFileReference; explicitFileType = undefined; fileEncoding = 9; includeInIndex = 0; lastKnownFileType = unknown; name = "Inter_24pt-ExtraBold.ttf"; path = "../src/assets/fonts/Inter/static/Inter_24pt-ExtraBold.ttf"; sourceTree = "<group>"; };
		2C22147B71004D6281824270 /* Inter_28pt-ExtraBold.ttf */ = {isa = PBXFileReference; explicitFileType = undefined; fileEncoding = 9; includeInIndex = 0; lastKnownFileType = unknown; name = "Inter_28pt-ExtraBold.ttf"; path = "../src/assets/fonts/Inter/static/Inter_28pt-ExtraBold.ttf"; sourceTree = "<group>"; };
		2DD65599574F44F89D936289 /* Inter-VariableFont_opsz,wght.ttf */ = {isa = PBXFileReference; explicitFileType = undefined; fileEncoding = 9; includeInIndex = 0; lastKnownFileType = unknown; name = "Inter-VariableFont_opsz,wght.ttf"; path = "../src/assets/fonts/Inter/Inter-VariableFont_opsz,wght.ttf"; sourceTree = "<group>"; };
		2E98A4C7979446C8A94BE44B /* Poppins-ThinItalic.ttf */ = {isa = PBXFileReference; explicitFileType = undefined; fileEncoding = 9; includeInIndex = 0; lastKnownFileType = unknown; name = "Poppins-ThinItalic.ttf"; path = "../src/assets/fonts/Poppins/Poppins-ThinItalic.ttf"; sourceTree = "<group>"; };
		30A77AEB0B3749B78A3121FE /* Inter_28pt-SemiBoldItalic.ttf */ = {isa = PBXFileReference; explicitFileType = undefined; fileEncoding = 9; includeInIndex = 0; lastKnownFileType = unknown; name = "Inter_28pt-SemiBoldItalic.ttf"; path = "../src/assets/fonts/Inter/static/Inter_28pt-SemiBoldItalic.ttf"; sourceTree = "<group>"; };
		3249EA6234A1438C8B40E838 /* Inter_24pt-ThinItalic.ttf */ = {isa = PBXFileReference; explicitFileType = undefined; fileEncoding = 9; includeInIndex = 0; lastKnownFileType = unknown; name = "Inter_24pt-ThinItalic.ttf"; path = "../src/assets/fonts/Inter/static/Inter_24pt-ThinItalic.ttf"; sourceTree = "<group>"; };
		3E9F320A832A47B8A6C86A6B /* Inter_28pt-ThinItalic.ttf */ = {isa = PBXFileReference; explicitFileType = undefined; fileEncoding = 9; includeInIndex = 0; lastKnownFileType = unknown; name = "Inter_28pt-ThinItalic.ttf"; path = "../src/assets/fonts/Inter/static/Inter_28pt-ThinItalic.ttf"; sourceTree = "<group>"; };
		45943F0A02E144B0B65F8FB3 /* Inter_18pt-Italic.ttf */ = {isa = PBXFileReference; explicitFileType = undefined; fileEncoding = 9; includeInIndex = 0; lastKnownFileType = unknown; name = "Inter_18pt-Italic.ttf"; path = "../src/assets/fonts/Inter/static/Inter_18pt-Italic.ttf"; sourceTree = "<group>"; };
		460ECB6408FA4DE69FAB5391 /* Poppins-Italic.ttf */ = {isa = PBXFileReference; explicitFileType = undefined; fileEncoding = 9; includeInIndex = 0; lastKnownFileType = unknown; name = "Poppins-Italic.ttf"; path = "../src/assets/fonts/Poppins/Poppins-Italic.ttf"; sourceTree = "<group>"; };
		47524C77C7854D42B216D081 /* Inter_24pt-BoldItalic.ttf */ = {isa = PBXFileReference; explicitFileType = undefined; fileEncoding = 9; includeInIndex = 0; lastKnownFileType = unknown; name = "Inter_24pt-BoldItalic.ttf"; path = "../src/assets/fonts/Inter/static/Inter_24pt-BoldItalic.ttf"; sourceTree = "<group>"; };
		4902FD17400E4B8085F5E422 /* Inter_28pt-SemiBold.ttf */ = {isa = PBXFileReference; explicitFileType = undefined; fileEncoding = 9; includeInIndex = 0; lastKnownFileType = unknown; name = "Inter_28pt-SemiBold.ttf"; path = "../src/assets/fonts/Inter/static/Inter_28pt-SemiBold.ttf"; sourceTree = "<group>"; };
		4EAECDEA85424F628B695F25 /* Inter_24pt-Thin.ttf */ = {isa = PBXFileReference; explicitFileType = undefined; fileEncoding = 9; includeInIndex = 0; lastKnownFileType = unknown; name = "Inter_24pt-Thin.ttf"; path = "../src/assets/fonts/Inter/static/Inter_24pt-Thin.ttf"; sourceTree = "<group>"; };
		5049CDE71C0F026A1DF52EF3 /* Pods_Skyline.framework */ = {isa = PBXFileReference; explicitFileType = wrapper.framework; includeInIndex = 0; path = Pods_Skyline.framework; sourceTree = BUILT_PRODUCTS_DIR; };
		56795BB4B7014CCA97405724 /* Poppins-Thin.ttf */ = {isa = PBXFileReference; explicitFileType = undefined; fileEncoding = 9; includeInIndex = 0; lastKnownFileType = unknown; name = "Poppins-Thin.ttf"; path = "../src/assets/fonts/Poppins/Poppins-Thin.ttf"; sourceTree = "<group>"; };
		5ABBCD1682244F849D93A8B3 /* Inter_24pt-ExtraLightItalic.ttf */ = {isa = PBXFileReference; explicitFileType = undefined; fileEncoding = 9; includeInIndex = 0; lastKnownFileType = unknown; name = "Inter_24pt-ExtraLightItalic.ttf"; path = "../src/assets/fonts/Inter/static/Inter_24pt-ExtraLightItalic.ttf"; sourceTree = "<group>"; };
		5AFFD740980E4B73912D7062 /* Inter_28pt-BlackItalic.ttf */ = {isa = PBXFileReference; explicitFileType = undefined; fileEncoding = 9; includeInIndex = 0; lastKnownFileType = unknown; name = "Inter_28pt-BlackItalic.ttf"; path = "../src/assets/fonts/Inter/static/Inter_28pt-BlackItalic.ttf"; sourceTree = "<group>"; };
		5BF0E64F693D411D906B473B /* RampartOne-Regular.ttf */ = {isa = PBXFileReference; explicitFileType = undefined; fileEncoding = 9; includeInIndex = 0; lastKnownFileType = unknown; name = "RampartOne-Regular.ttf"; path = "../src/assets/fonts/RampartOne-Regular.ttf"; sourceTree = "<group>"; };
		5C02A6E5335F497283DE267C /* Inter_28pt-Regular.ttf */ = {isa = PBXFileReference; explicitFileType = undefined; fileEncoding = 9; includeInIndex = 0; lastKnownFileType = unknown; name = "Inter_28pt-Regular.ttf"; path = "../src/assets/fonts/Inter/static/Inter_28pt-Regular.ttf"; sourceTree = "<group>"; };
		6858177C71A64AC0841AC55C /* Inter_24pt-Bold.ttf */ = {isa = PBXFileReference; explicitFileType = undefined; fileEncoding = 9; includeInIndex = 0; lastKnownFileType = unknown; name = "Inter_24pt-Bold.ttf"; path = "../src/assets/fonts/Inter/static/Inter_24pt-Bold.ttf"; sourceTree = "<group>"; };
		761780EC2CA45674006654EE /* AppDelegate.swift */ = {isa = PBXFileReference; lastKnownFileType = sourcecode.swift; name = AppDelegate.swift; path = Skyline/AppDelegate.swift; sourceTree = "<group>"; };
		79D7A93488F149F3BC8E4C8C /* Inter_28pt-ExtraBoldItalic.ttf */ = {isa = PBXFileReference; explicitFileType = undefined; fileEncoding = 9; includeInIndex = 0; lastKnownFileType = unknown; name = "Inter_28pt-ExtraBoldItalic.ttf"; path = "../src/assets/fonts/Inter/static/Inter_28pt-ExtraBoldItalic.ttf"; sourceTree = "<group>"; };
		7A674DFC6750404BAF6D7845 /* Poppins-Light.ttf */ = {isa = PBXFileReference; explicitFileType = undefined; fileEncoding = 9; includeInIndex = 0; lastKnownFileType = unknown; name = "Poppins-Light.ttf"; path = "../src/assets/fonts/Poppins/Poppins-Light.ttf"; sourceTree = "<group>"; };
		81AB9BB72411601600AC10FF /* LaunchScreen.storyboard */ = {isa = PBXFileReference; fileEncoding = 4; lastKnownFileType = file.storyboard; name = LaunchScreen.storyboard; path = Skyline/LaunchScreen.storyboard; sourceTree = "<group>"; };
		83806808626F4DEEACD39487 /* Inter_24pt-SemiBold.ttf */ = {isa = PBXFileReference; explicitFileType = undefined; fileEncoding = 9; includeInIndex = 0; lastKnownFileType = unknown; name = "Inter_24pt-SemiBold.ttf"; path = "../src/assets/fonts/Inter/static/Inter_24pt-SemiBold.ttf"; sourceTree = "<group>"; };
		8C4B2F60A0ED4E9FB3409F4B /* Poppins-ExtraBold.ttf */ = {isa = PBXFileReference; explicitFileType = undefined; fileEncoding = 9; includeInIndex = 0; lastKnownFileType = unknown; name = "Poppins-ExtraBold.ttf"; path = "../src/assets/fonts/Poppins/Poppins-ExtraBold.ttf"; sourceTree = "<group>"; };
		8DB7AA81AD6E47EB894DE748 /* Inter_28pt-Thin.ttf */ = {isa = PBXFileReference; explicitFileType = undefined; fileEncoding = 9; includeInIndex = 0; lastKnownFileType = unknown; name = "Inter_28pt-Thin.ttf"; path = "../src/assets/fonts/Inter/static/Inter_28pt-Thin.ttf"; sourceTree = "<group>"; };
		92FD507A57DD45F3B0666976 /* Inter_28pt-ExtraLight.ttf */ = {isa = PBXFileReference; explicitFileType = undefined; fileEncoding = 9; includeInIndex = 0; lastKnownFileType = unknown; name = "Inter_28pt-ExtraLight.ttf"; path = "../src/assets/fonts/Inter/static/Inter_28pt-ExtraLight.ttf"; sourceTree = "<group>"; };
		9314D1083871418F9250643A /* Inter_28pt-BoldItalic.ttf */ = {isa = PBXFileReference; explicitFileType = undefined; fileEncoding = 9; includeInIndex = 0; lastKnownFileType = unknown; name = "Inter_28pt-BoldItalic.ttf"; path = "../src/assets/fonts/Inter/static/Inter_28pt-BoldItalic.ttf"; sourceTree = "<group>"; };
		935BA859CB4F43AA9BB502BC /* Inter-Italic-VariableFont_opsz,wght.ttf */ = {isa = PBXFileReference; explicitFileType = undefined; fileEncoding = 9; includeInIndex = 0; lastKnownFileType = unknown; name = "Inter-Italic-VariableFont_opsz,wght.ttf"; path = "../src/assets/fonts/Inter/Inter-Italic-VariableFont_opsz,wght.ttf"; sourceTree = "<group>"; };
		954D049C761C4153BB3731C6 /* Inter_28pt-Italic.ttf */ = {isa = PBXFileReference; explicitFileType = undefined; fileEncoding = 9; includeInIndex = 0; lastKnownFileType = unknown; name = "Inter_28pt-Italic.ttf"; path = "../src/assets/fonts/Inter/static/Inter_28pt-Italic.ttf"; sourceTree = "<group>"; };
		97390942E1894AC28E7A768E /* Inter_28pt-Medium.ttf */ = {isa = PBXFileReference; explicitFileType = undefined; fileEncoding = 9; includeInIndex = 0; lastKnownFileType = unknown; name = "Inter_28pt-Medium.ttf"; path = "../src/assets/fonts/Inter/static/Inter_28pt-Medium.ttf"; sourceTree = "<group>"; };
		9E4D6F10BE874DFF9647D373 /* Inter_28pt-Bold.ttf */ = {isa = PBXFileReference; explicitFileType = undefined; fileEncoding = 9; includeInIndex = 0; lastKnownFileType = unknown; name = "Inter_28pt-Bold.ttf"; path = "../src/assets/fonts/Inter/static/Inter_28pt-Bold.ttf"; sourceTree = "<group>"; };
		A044831284CC461ABAB2629B /* Inter_24pt-SemiBoldItalic.ttf */ = {isa = PBXFileReference; explicitFileType = undefined; fileEncoding = 9; includeInIndex = 0; lastKnownFileType = unknown; name = "Inter_24pt-SemiBoldItalic.ttf"; path = "../src/assets/fonts/Inter/static/Inter_24pt-SemiBoldItalic.ttf"; sourceTree = "<group>"; };
		A419878102B5412AACB9E652 /* Poppins-Regular.ttf */ = {isa = PBXFileReference; explicitFileType = undefined; fileEncoding = 9; includeInIndex = 0; lastKnownFileType = unknown; name = "Poppins-Regular.ttf"; path = "../src/assets/fonts/Poppins/Poppins-Regular.ttf"; sourceTree = "<group>"; };
		A5A02EAEA4EA4D40BA789C7F /* Inter_24pt-BlackItalic.ttf */ = {isa = PBXFileReference; explicitFileType = undefined; fileEncoding = 9; includeInIndex = 0; lastKnownFileType = unknown; name = "Inter_24pt-BlackItalic.ttf"; path = "../src/assets/fonts/Inter/static/Inter_24pt-BlackItalic.ttf"; sourceTree = "<group>"; };
		A5D88FA5F9D748A59884B224 /* Poppins-BlackItalic.ttf */ = {isa = PBXFileReference; explicitFileType = undefined; fileEncoding = 9; includeInIndex = 0; lastKnownFileType = unknown; name = "Poppins-BlackItalic.ttf"; path = "../src/assets/fonts/Poppins/Poppins-BlackItalic.ttf"; sourceTree = "<group>"; };
		A6688832FF8540D08545E92F /* Inter_24pt-Medium.ttf */ = {isa = PBXFileReference; explicitFileType = undefined; fileEncoding = 9; includeInIndex = 0; lastKnownFileType = unknown; name = "Inter_24pt-Medium.ttf"; path = "../src/assets/fonts/Inter/static/Inter_24pt-Medium.ttf"; sourceTree = "<group>"; };
		AB5B672B82DD4F50BF7D2388 /* Inter_18pt-Black.ttf */ = {isa = PBXFileReference; explicitFileType = undefined; fileEncoding = 9; includeInIndex = 0; lastKnownFileType = unknown; name = "Inter_18pt-Black.ttf"; path = "../src/assets/fonts/Inter/static/Inter_18pt-Black.ttf"; sourceTree = "<group>"; };
		AE8B7F09D295423FACAE57BE /* Poppins-SemiBoldItalic.ttf */ = {isa = PBXFileReference; explicitFileType = undefined; fileEncoding = 9; includeInIndex = 0; lastKnownFileType = unknown; name = "Poppins-SemiBoldItalic.ttf"; path = "../src/assets/fonts/Poppins/Poppins-SemiBoldItalic.ttf"; sourceTree = "<group>"; };
		B01A5F2066054BC393931E9F /* Poppins-BoldItalic.ttf */ = {isa = PBXFileReference; explicitFileType = undefined; fileEncoding = 9; includeInIndex = 0; lastKnownFileType = unknown; name = "Poppins-BoldItalic.ttf"; path = "../src/assets/fonts/Poppins/Poppins-BoldItalic.ttf"; sourceTree = "<group>"; };
		BC1BBD77D72E44D09262160F /* Inter_24pt-Black.ttf */ = {isa = PBXFileReference; explicitFileType = undefined; fileEncoding = 9; includeInIndex = 0; lastKnownFileType = unknown; name = "Inter_24pt-Black.ttf"; path = "../src/assets/fonts/Inter/static/Inter_24pt-Black.ttf"; sourceTree = "<group>"; };
		C17ABA24758D4AF0A626A83B /* Inter_18pt-MediumItalic.ttf */ = {isa = PBXFileReference; explicitFileType = undefined; fileEncoding = 9; includeInIndex = 0; lastKnownFileType = unknown; name = "Inter_18pt-MediumItalic.ttf"; path = "../src/assets/fonts/Inter/static/Inter_18pt-MediumItalic.ttf"; sourceTree = "<group>"; };
		C3D3B4CC2BB741E68659BD93 /* Inter_18pt-ExtraBoldItalic.ttf */ = {isa = PBXFileReference; explicitFileType = undefined; fileEncoding = 9; includeInIndex = 0; lastKnownFileType = unknown; name = "Inter_18pt-ExtraBoldItalic.ttf"; path = "../src/assets/fonts/Inter/static/Inter_18pt-ExtraBoldItalic.ttf"; sourceTree = "<group>"; };
		C4733EF1E2614388B80127B1 /* Inter_24pt-LightItalic.ttf */ = {isa = PBXFileReference; explicitFileType = undefined; fileEncoding = 9; includeInIndex = 0; lastKnownFileType = unknown; name = "Inter_24pt-LightItalic.ttf"; path = "../src/assets/fonts/Inter/static/Inter_24pt-LightItalic.ttf"; sourceTree = "<group>"; };
		C6B8009F6E3640028AEF49BF /* Inter_18pt-SemiBoldItalic.ttf */ = {isa = PBXFileReference; explicitFileType = undefined; fileEncoding = 9; includeInIndex = 0; lastKnownFileType = unknown; name = "Inter_18pt-SemiBoldItalic.ttf"; path = "../src/assets/fonts/Inter/static/Inter_18pt-SemiBoldItalic.ttf"; sourceTree = "<group>"; };
		CAEB2C9D51584C0E928D0993 /* Inter_18pt-LightItalic.ttf */ = {isa = PBXFileReference; explicitFileType = undefined; fileEncoding = 9; includeInIndex = 0; lastKnownFileType = unknown; name = "Inter_18pt-LightItalic.ttf"; path = "../src/assets/fonts/Inter/static/Inter_18pt-LightItalic.ttf"; sourceTree = "<group>"; };
		CB79E8BC1A4C468CADFF9599 /* Inter_28pt-Black.ttf */ = {isa = PBXFileReference; explicitFileType = undefined; fileEncoding = 9; includeInIndex = 0; lastKnownFileType = unknown; name = "Inter_28pt-Black.ttf"; path = "../src/assets/fonts/Inter/static/Inter_28pt-Black.ttf"; sourceTree = "<group>"; };
		CE0B0467CC2248848ADB99A4 /* Inter_18pt-Bold.ttf */ = {isa = PBXFileReference; explicitFileType = undefined; fileEncoding = 9; includeInIndex = 0; lastKnownFileType = unknown; name = "Inter_18pt-Bold.ttf"; path = "../src/assets/fonts/Inter/static/Inter_18pt-Bold.ttf"; sourceTree = "<group>"; };
		CE177154640740BB85E531CC /* Poppins-MediumItalic.ttf */ = {isa = PBXFileReference; explicitFileType = undefined; fileEncoding = 9; includeInIndex = 0; lastKnownFileType = unknown; name = "Poppins-MediumItalic.ttf"; path = "../src/assets/fonts/Poppins/Poppins-MediumItalic.ttf"; sourceTree = "<group>"; };
		D7719C7FCF6922868BD6E224 /* Pods-Skyline.debug.xcconfig */ = {isa = PBXFileReference; includeInIndex = 1; lastKnownFileType = text.xcconfig; name = "Pods-Skyline.debug.xcconfig"; path = "Target Support Files/Pods-Skyline/Pods-Skyline.debug.xcconfig"; sourceTree = "<group>"; };
		DA25F5C06FFE46DB9AEB2C18 /* Inter_24pt-ExtraBoldItalic.ttf */ = {isa = PBXFileReference; explicitFileType = undefined; fileEncoding = 9; includeInIndex = 0; lastKnownFileType = unknown; name = "Inter_24pt-ExtraBoldItalic.ttf"; path = "../src/assets/fonts/Inter/static/Inter_24pt-ExtraBoldItalic.ttf"; sourceTree = "<group>"; };
		DAE9DC4385104A8AA4AC5A97 /* Inter_24pt-Italic.ttf */ = {isa = PBXFileReference; explicitFileType = undefined; fileEncoding = 9; includeInIndex = 0; lastKnownFileType = unknown; name = "Inter_24pt-Italic.ttf"; path = "../src/assets/fonts/Inter/static/Inter_24pt-Italic.ttf"; sourceTree = "<group>"; };
		DCD92EED5C00464685CE6C39 /* Inter_18pt-ExtraLight.ttf */ = {isa = PBXFileReference; explicitFileType = undefined; fileEncoding = 9; includeInIndex = 0; lastKnownFileType = unknown; name = "Inter_18pt-ExtraLight.ttf"; path = "../src/assets/fonts/Inter/static/Inter_18pt-ExtraLight.ttf"; sourceTree = "<group>"; };
		DCF9CDF5061F463B80592B5B /* Poppins-Black.ttf */ = {isa = PBXFileReference; explicitFileType = undefined; fileEncoding = 9; includeInIndex = 0; lastKnownFileType = unknown; name = "Poppins-Black.ttf"; path = "../src/assets/fonts/Poppins/Poppins-Black.ttf"; sourceTree = "<group>"; };
		DF7C0755BD10472190A23006 /* Inter_18pt-ThinItalic.ttf */ = {isa = PBXFileReference; explicitFileType = undefined; fileEncoding = 9; includeInIndex = 0; lastKnownFileType = unknown; name = "Inter_18pt-ThinItalic.ttf"; path = "../src/assets/fonts/Inter/static/Inter_18pt-ThinItalic.ttf"; sourceTree = "<group>"; };
		E1214FE821594FDDAB133F5C /* Poppins-ExtraLightItalic.ttf */ = {isa = PBXFileReference; explicitFileType = undefined; fileEncoding = 9; includeInIndex = 0; lastKnownFileType = unknown; name = "Poppins-ExtraLightItalic.ttf"; path = "../src/assets/fonts/Poppins/Poppins-ExtraLightItalic.ttf"; sourceTree = "<group>"; };
		E498F2019D1B4FF3A0D08F16 /* Inter_24pt-Regular.ttf */ = {isa = PBXFileReference; explicitFileType = undefined; fileEncoding = 9; includeInIndex = 0; lastKnownFileType = unknown; name = "Inter_24pt-Regular.ttf"; path = "../src/assets/fonts/Inter/static/Inter_24pt-Regular.ttf"; sourceTree = "<group>"; };
		ED297162215061F000B7C4FE /* JavaScriptCore.framework */ = {isa = PBXFileReference; lastKnownFileType = wrapper.framework; name = JavaScriptCore.framework; path = System/Library/Frameworks/JavaScriptCore.framework; sourceTree = SDKROOT; };
		EFAE20EF8EF64000BE2F42A6 /* Poppins-Bold.ttf */ = {isa = PBXFileReference; explicitFileType = undefined; fileEncoding = 9; includeInIndex = 0; lastKnownFileType = unknown; name = "Poppins-Bold.ttf"; path = "../src/assets/fonts/Poppins/Poppins-Bold.ttf"; sourceTree = "<group>"; };
		F876EDAE50054113BCD43724 /* Inter_24pt-Light.ttf */ = {isa = PBXFileReference; explicitFileType = undefined; fileEncoding = 9; includeInIndex = 0; lastKnownFileType = unknown; name = "Inter_24pt-Light.ttf"; path = "../src/assets/fonts/Inter/static/Inter_24pt-Light.ttf"; sourceTree = "<group>"; };
		FF8A10DEB20E4547BBB70860 /* Inter_18pt-BoldItalic.ttf */ = {isa = PBXFileReference; explicitFileType = undefined; fileEncoding = 9; includeInIndex = 0; lastKnownFileType = unknown; name = "Inter_18pt-BoldItalic.ttf"; path = "../src/assets/fonts/Inter/static/Inter_18pt-BoldItalic.ttf"; sourceTree = "<group>"; };
/* End PBXFileReference section */

/* Begin PBXFrameworksBuildPhase section */
		13B07F8C1A680F5B00A75B9A /* Frameworks */ = {
			isa = PBXFrameworksBuildPhase;
			buildActionMask = 2147483647;
			files = (
				6ABF34563E6FD9535A97DB82 /* BuildFile in Frameworks */,
				83A592533E257F6D66222276 /* Pods_Skyline.framework in Frameworks */,
			);
			runOnlyForDeploymentPostprocessing = 0;
		};
/* End PBXFrameworksBuildPhase section */

/* Begin PBXGroup section */
		13B07FAE1A68108700A75B9A /* Skyline */ = {
			isa = PBXGroup;
			children = (
				13B07FB51A68108700A75B9A /* Images.xcassets */,
				761780EC2CA45674006654EE /* AppDelegate.swift */,
				81AB9BB72411601600AC10FF /* LaunchScreen.storyboard */,
				13B07FB81A68108700A75B9A /* PrivacyInfo.xcprivacy */,
				13B07FB61A68108700A75B9A /* Info.plist */,
				091A85BC2D49BAEC00CC05FE /* GoogleService-Info.plist */,
			);
			name = Skyline;
			sourceTree = "<group>";
		};
		2D16E6871FA4F8E400B85C8A /* Frameworks */ = {
			isa = PBXGroup;
			children = (
				ED297162215061F000B7C4FE /* JavaScriptCore.framework */,
				5049CDE71C0F026A1DF52EF3 /* Pods_Skyline.framework */,
			);
			name = Frameworks;
			sourceTree = "<group>";
		};
		5170319BDDF94D25A4AE82C3 /* Resources */ = {
			isa = PBXGroup;
			children = (
				935BA859CB4F43AA9BB502BC /* Inter-Italic-VariableFont_opsz,wght.ttf */,
				2DD65599574F44F89D936289 /* Inter-VariableFont_opsz,wght.ttf */,
				AB5B672B82DD4F50BF7D2388 /* Inter_18pt-Black.ttf */,
				14CAD39E93A042628431D565 /* Inter_18pt-BlackItalic.ttf */,
				CE0B0467CC2248848ADB99A4 /* Inter_18pt-Bold.ttf */,
				FF8A10DEB20E4547BBB70860 /* Inter_18pt-BoldItalic.ttf */,
				122C0B4D071E4AFB92B20318 /* Inter_18pt-ExtraBold.ttf */,
				C3D3B4CC2BB741E68659BD93 /* Inter_18pt-ExtraBoldItalic.ttf */,
				DCD92EED5C00464685CE6C39 /* Inter_18pt-ExtraLight.ttf */,
				19C4216FDE124AB5B733F945 /* Inter_18pt-ExtraLightItalic.ttf */,
				45943F0A02E144B0B65F8FB3 /* Inter_18pt-Italic.ttf */,
				199645764C974E2C91D4EBD3 /* Inter_18pt-Light.ttf */,
				CAEB2C9D51584C0E928D0993 /* Inter_18pt-LightItalic.ttf */,
				0B56413CB4DD4A1292A32339 /* Inter_18pt-Medium.ttf */,
				C17ABA24758D4AF0A626A83B /* Inter_18pt-MediumItalic.ttf */,
				1A22F5A00BFA4563BE4A434E /* Inter_18pt-Regular.ttf */,
				0E3C4069AA5E4538AF116006 /* Inter_18pt-SemiBold.ttf */,
				C6B8009F6E3640028AEF49BF /* Inter_18pt-SemiBoldItalic.ttf */,
				13AECF9582DC413FAF254548 /* Inter_18pt-Thin.ttf */,
				DF7C0755BD10472190A23006 /* Inter_18pt-ThinItalic.ttf */,
				BC1BBD77D72E44D09262160F /* Inter_24pt-Black.ttf */,
				A5A02EAEA4EA4D40BA789C7F /* Inter_24pt-BlackItalic.ttf */,
				6858177C71A64AC0841AC55C /* Inter_24pt-Bold.ttf */,
				47524C77C7854D42B216D081 /* Inter_24pt-BoldItalic.ttf */,
				2B86E60BFFF8403893736C28 /* Inter_24pt-ExtraBold.ttf */,
				DA25F5C06FFE46DB9AEB2C18 /* Inter_24pt-ExtraBoldItalic.ttf */,
				168B40170DC54860AD119427 /* Inter_24pt-ExtraLight.ttf */,
				5ABBCD1682244F849D93A8B3 /* Inter_24pt-ExtraLightItalic.ttf */,
				DAE9DC4385104A8AA4AC5A97 /* Inter_24pt-Italic.ttf */,
				F876EDAE50054113BCD43724 /* Inter_24pt-Light.ttf */,
				C4733EF1E2614388B80127B1 /* Inter_24pt-LightItalic.ttf */,
				A6688832FF8540D08545E92F /* Inter_24pt-Medium.ttf */,
				00EE725320404B0FAA73DF75 /* Inter_24pt-MediumItalic.ttf */,
				E498F2019D1B4FF3A0D08F16 /* Inter_24pt-Regular.ttf */,
				83806808626F4DEEACD39487 /* Inter_24pt-SemiBold.ttf */,
				A044831284CC461ABAB2629B /* Inter_24pt-SemiBoldItalic.ttf */,
				4EAECDEA85424F628B695F25 /* Inter_24pt-Thin.ttf */,
				3249EA6234A1438C8B40E838 /* Inter_24pt-ThinItalic.ttf */,
				CB79E8BC1A4C468CADFF9599 /* Inter_28pt-Black.ttf */,
				5AFFD740980E4B73912D7062 /* Inter_28pt-BlackItalic.ttf */,
				9E4D6F10BE874DFF9647D373 /* Inter_28pt-Bold.ttf */,
				9314D1083871418F9250643A /* Inter_28pt-BoldItalic.ttf */,
				2C22147B71004D6281824270 /* Inter_28pt-ExtraBold.ttf */,
				79D7A93488F149F3BC8E4C8C /* Inter_28pt-ExtraBoldItalic.ttf */,
				92FD507A57DD45F3B0666976 /* Inter_28pt-ExtraLight.ttf */,
				25F0EF564EED4BC9A8D23B7A /* Inter_28pt-ExtraLightItalic.ttf */,
				954D049C761C4153BB3731C6 /* Inter_28pt-Italic.ttf */,
				14F24C1A90F94B1AAC7A00DF /* Inter_28pt-Light.ttf */,
				0D56F2E665584EEC8A88021A /* Inter_28pt-LightItalic.ttf */,
				97390942E1894AC28E7A768E /* Inter_28pt-Medium.ttf */,
				074176F7D0B74EABA637A386 /* Inter_28pt-MediumItalic.ttf */,
				5C02A6E5335F497283DE267C /* Inter_28pt-Regular.ttf */,
				4902FD17400E4B8085F5E422 /* Inter_28pt-SemiBold.ttf */,
				30A77AEB0B3749B78A3121FE /* Inter_28pt-SemiBoldItalic.ttf */,
				8DB7AA81AD6E47EB894DE748 /* Inter_28pt-Thin.ttf */,
				3E9F320A832A47B8A6C86A6B /* Inter_28pt-ThinItalic.ttf */,
				DCF9CDF5061F463B80592B5B /* Poppins-Black.ttf */,
				A5D88FA5F9D748A59884B224 /* Poppins-BlackItalic.ttf */,
				EFAE20EF8EF64000BE2F42A6 /* Poppins-Bold.ttf */,
				B01A5F2066054BC393931E9F /* Poppins-BoldItalic.ttf */,
				8C4B2F60A0ED4E9FB3409F4B /* Poppins-ExtraBold.ttf */,
				0E2074866B9A4CDABD1A03D0 /* Poppins-ExtraBoldItalic.ttf */,
				23AD50926D954D24A683841E /* Poppins-ExtraLight.ttf */,
				E1214FE821594FDDAB133F5C /* Poppins-ExtraLightItalic.ttf */,
				460ECB6408FA4DE69FAB5391 /* Poppins-Italic.ttf */,
				7A674DFC6750404BAF6D7845 /* Poppins-Light.ttf */,
				10D4132CEB7F4279BCCB8478 /* Poppins-LightItalic.ttf */,
				247836884F92408C85195232 /* Poppins-Medium.ttf */,
				CE177154640740BB85E531CC /* Poppins-MediumItalic.ttf */,
				A419878102B5412AACB9E652 /* Poppins-Regular.ttf */,
				103B8568C133487DA601B94B /* Poppins-SemiBold.ttf */,
				AE8B7F09D295423FACAE57BE /* Poppins-SemiBoldItalic.ttf */,
				56795BB4B7014CCA97405724 /* Poppins-Thin.ttf */,
				2E98A4C7979446C8A94BE44B /* Poppins-ThinItalic.ttf */,
				5BF0E64F693D411D906B473B /* RampartOne-Regular.ttf */,
			);
			name = Resources;
			sourceTree = "<group>";
		};
		832341AE1AAA6A7D00B99B32 /* Libraries */ = {
			isa = PBXGroup;
			children = (
			);
			name = Libraries;
			sourceTree = "<group>";
		};
		83CBB9F61A601CBA00E9B192 = {
			isa = PBXGroup;
			children = (
				13B07FAE1A68108700A75B9A /* Skyline */,
				832341AE1AAA6A7D00B99B32 /* Libraries */,
				83CBBA001A601CBA00E9B192 /* Products */,
				2D16E6871FA4F8E400B85C8A /* Frameworks */,
				BBD78D7AC51CEA395F1C20DB /* Pods */,
				5170319BDDF94D25A4AE82C3 /* Resources */,
			);
			indentWidth = 2;
			sourceTree = "<group>";
			tabWidth = 2;
			usesTabs = 0;
		};
		83CBBA001A601CBA00E9B192 /* Products */ = {
			isa = PBXGroup;
			children = (
				13B07F961A680F5B00A75B9A /* Skyline.app */,
			);
			name = Products;
			sourceTree = "<group>";
		};
		BBD78D7AC51CEA395F1C20DB /* Pods */ = {
			isa = PBXGroup;
			children = (
				D7719C7FCF6922868BD6E224 /* Pods-Skyline.debug.xcconfig */,
				0AB28DA1081963AA678C6DD1 /* Pods-Skyline.release.xcconfig */,
			);
			path = Pods;
			sourceTree = "<group>";
		};
/* End PBXGroup section */

/* Begin PBXNativeTarget section */
		13B07F861A680F5B00A75B9A /* Skyline */ = {
			isa = PBXNativeTarget;
			buildConfigurationList = 13B07F931A680F5B00A75B9A /* Build configuration list for PBXNativeTarget "Skyline" */;
			buildPhases = (
				E49B1C04312EB7D9E0C4FDEB /* [CP] Check Pods Manifest.lock */,
				13B07F871A680F5B00A75B9A /* Sources */,
				13B07F8C1A680F5B00A75B9A /* Frameworks */,
				13B07F8E1A680F5B00A75B9A /* Resources */,
				00DD1BFF1BD5951E006B06BC /* Bundle React Native code and images */,
				FEBD881612604E2A6CAF5FBF /* [CP] Embed Pods Frameworks */,
				B67ECB93DB7B6AFB920ACCF7 /* [CP] Copy Pods Resources */,
				749ADCFC518774BF1135C280 /* [CP-User] [RNFB] Core Configuration */,
			);
			buildRules = (
			);
			dependencies = (
			);
			name = Skyline;
			productName = Skyline;
			productReference = 13B07F961A680F5B00A75B9A /* Skyline.app */;
			productType = "com.apple.product-type.application";
		};
/* End PBXNativeTarget section */

/* Begin PBXProject section */
		83CBB9F71A601CBA00E9B192 /* Project object */ = {
			isa = PBXProject;
			attributes = {
				BuildIndependentTargetsInParallel = YES;
				LastUpgradeCheck = 1620;
				TargetAttributes = {
					13B07F861A680F5B00A75B9A = {
						LastSwiftMigration = 1120;
					};
				};
			};
			buildConfigurationList = 83CBB9FA1A601CBA00E9B192 /* Build configuration list for PBXProject "Skyline" */;
			compatibilityVersion = "Xcode 15.3";
			developmentRegion = en;
			hasScannedForEncodings = 0;
			knownRegions = (
				en,
				Base,
			);
			mainGroup = 83CBB9F61A601CBA00E9B192;
			packageReferences = (
				09EAE22A2D32CCE100217274 /* XCRemoteSwiftPackageReference "GoogleSignIn-iOS" */,
			);
			productRefGroup = 83CBBA001A601CBA00E9B192 /* Products */;
			projectDirPath = "";
			projectRoot = "";
			targets = (
				13B07F861A680F5B00A75B9A /* Skyline */,
			);
		};
/* End PBXProject section */

/* Begin PBXResourcesBuildPhase section */
		13B07F8E1A680F5B00A75B9A /* Resources */ = {
			isa = PBXResourcesBuildPhase;
			buildActionMask = 2147483647;
			files = (
				81AB9BB82411601600AC10FF /* LaunchScreen.storyboard in Resources */,
				091A85BD2D49BAEC00CC05FE /* GoogleService-Info.plist in Resources */,
				13B07FBF1A68108700A75B9A /* Images.xcassets in Resources */,
				263EC7C54AAB1BE1F7B7C5C4 /* PrivacyInfo.xcprivacy in Resources */,
				30D23C630CE14B84959D5DD5 /* Inter-Italic-VariableFont_opsz,wght.ttf in Resources */,
				9478DA9300D34E16A1E1C857 /* Inter-VariableFont_opsz,wght.ttf in Resources */,
				C904D5775B1A4717A09CE973 /* Inter_18pt-Black.ttf in Resources */,
				040F425D313C415E98DE7ED6 /* Inter_18pt-BlackItalic.ttf in Resources */,
				7B937F68161C44ED8D3BD3A1 /* Inter_18pt-Bold.ttf in Resources */,
				F6A8677157AE49A8A5825C7B /* Inter_18pt-BoldItalic.ttf in Resources */,
				568DF97C19744026837D0A95 /* Inter_18pt-ExtraBold.ttf in Resources */,
				1B10A38CBA0B46ADA1DCB7E8 /* Inter_18pt-ExtraBoldItalic.ttf in Resources */,
				796CEA92715E41DE84FF9781 /* Inter_18pt-ExtraLight.ttf in Resources */,
				4B43C94126FD4588BE3D895A /* Inter_18pt-ExtraLightItalic.ttf in Resources */,
				B209A6DDDE7549429D7F6361 /* Inter_18pt-Italic.ttf in Resources */,
				AB5ADCCD10B04343AA2D3396 /* Inter_18pt-Light.ttf in Resources */,
				50DDAF701D484E00B4820D8E /* Inter_18pt-LightItalic.ttf in Resources */,
				A9A646F6EDD04051A64577E1 /* Inter_18pt-Medium.ttf in Resources */,
				AB65E1E7A54348D2840027D2 /* Inter_18pt-MediumItalic.ttf in Resources */,
				7A3100ADD3A04C089FE9E9B8 /* Inter_18pt-Regular.ttf in Resources */,
				4FE0B294D6934B57A56E22EB /* Inter_18pt-SemiBold.ttf in Resources */,
				8AD48E6567F049799E91CAFD /* Inter_18pt-SemiBoldItalic.ttf in Resources */,
				0340700014414B7D8BCD8779 /* Inter_18pt-Thin.ttf in Resources */,
				9D36D52200234489A3D72CB1 /* Inter_18pt-ThinItalic.ttf in Resources */,
				B1446B66D5E84982B9595E12 /* Inter_24pt-Black.ttf in Resources */,
				929AACC684124DD7A6D28A11 /* Inter_24pt-BlackItalic.ttf in Resources */,
				C744B6CD476F44649B59C2BF /* Inter_24pt-Bold.ttf in Resources */,
				2D2E4F198DD14B43A71048FE /* Inter_24pt-BoldItalic.ttf in Resources */,
				F2219A711CB5429D8131A891 /* Inter_24pt-ExtraBold.ttf in Resources */,
				E5964BE67824481E89EBF88B /* Inter_24pt-ExtraBoldItalic.ttf in Resources */,
				8757113241684E93B0A1C41B /* Inter_24pt-ExtraLight.ttf in Resources */,
				5095F314ECCE4D7A84520951 /* Inter_24pt-ExtraLightItalic.ttf in Resources */,
				DC3E67F074934266B67A1EBE /* Inter_24pt-Italic.ttf in Resources */,
				D660160946764A419E6342DA /* Inter_24pt-Light.ttf in Resources */,
				9E0B42494F7F48C5B990E87C /* Inter_24pt-LightItalic.ttf in Resources */,
				9CBFA0B991F0493FBD522467 /* Inter_24pt-Medium.ttf in Resources */,
				FBF81BCDC42C4989A2FD5355 /* Inter_24pt-MediumItalic.ttf in Resources */,
				E2C82B28BADA43459C7777EA /* Inter_24pt-Regular.ttf in Resources */,
				1D6890E8592940BDA94E8ED9 /* Inter_24pt-SemiBold.ttf in Resources */,
				05AA5A339DA14171B7CFD1BD /* Inter_24pt-SemiBoldItalic.ttf in Resources */,
				A5B62176CBC64D8BB23DD49E /* Inter_24pt-Thin.ttf in Resources */,
				9B00939711EA4B2D887F2AF6 /* Inter_24pt-ThinItalic.ttf in Resources */,
				A36AD46C11CB4334A4F7098F /* Inter_28pt-Black.ttf in Resources */,
				F0FE6421019B4D08823315C4 /* Inter_28pt-BlackItalic.ttf in Resources */,
				076DEB5235AC49958419E3E4 /* Inter_28pt-Bold.ttf in Resources */,
				84D1223CD03248CB89E13814 /* Inter_28pt-BoldItalic.ttf in Resources */,
				7A4F5808B6A443B3899D0379 /* Inter_28pt-ExtraBold.ttf in Resources */,
				9356C9CA97274665AB4799E7 /* Inter_28pt-ExtraBoldItalic.ttf in Resources */,
				166F7C8150A94C37A7846122 /* Inter_28pt-ExtraLight.ttf in Resources */,
				98728128526A4B9E86348394 /* Inter_28pt-ExtraLightItalic.ttf in Resources */,
				ADB1FFD3565240AA8F05B527 /* Inter_28pt-Italic.ttf in Resources */,
				2389BEDF96494E6F95C1DAFF /* Inter_28pt-Light.ttf in Resources */,
				05D3FC239B0446D1A2E8F3B0 /* Inter_28pt-LightItalic.ttf in Resources */,
				CC401A24DB364A43AD095D88 /* Inter_28pt-Medium.ttf in Resources */,
				9F8436DD6FF7403EAEA4DE4F /* Inter_28pt-MediumItalic.ttf in Resources */,
				E0AB14D01F6D43BDA8600211 /* Inter_28pt-Regular.ttf in Resources */,
				908676542AC9446688149653 /* Inter_28pt-SemiBold.ttf in Resources */,
				A6D9FE4B6C5D41A4A5C15FE9 /* Inter_28pt-SemiBoldItalic.ttf in Resources */,
				ED4404FDF52A4BE7BDD7EA59 /* Inter_28pt-Thin.ttf in Resources */,
				0EF4BB52AD0C4A7B85AC4847 /* Inter_28pt-ThinItalic.ttf in Resources */,
				8608F9B9CD2C4217BCC5D4A1 /* Poppins-Black.ttf in Resources */,
				D8DAAAC8BB184F6BAA0C0FB7 /* Poppins-BlackItalic.ttf in Resources */,
				40E7F27A2F2941D6A0B66AF6 /* Poppins-Bold.ttf in Resources */,
				BC60051636F14E29987302AC /* Poppins-BoldItalic.ttf in Resources */,
				6DF8BA9744E342F6A506771B /* Poppins-ExtraBold.ttf in Resources */,
				67D542630A604BBCA130C2A4 /* Poppins-ExtraBoldItalic.ttf in Resources */,
				25886AA9956F4900BFF2F786 /* Poppins-ExtraLight.ttf in Resources */,
				60D247C7F6D6493986F2D98F /* Poppins-ExtraLightItalic.ttf in Resources */,
				DBCA49169C144503BF7219DF /* Poppins-Italic.ttf in Resources */,
				DDB5E949FD1843929E1377C2 /* Poppins-Light.ttf in Resources */,
				1E2251060E434DA782591D35 /* Poppins-LightItalic.ttf in Resources */,
				FB6F98614AF54646B34CA9BA /* Poppins-Medium.ttf in Resources */,
				F9FDC472F0374069BDB61094 /* Poppins-MediumItalic.ttf in Resources */,
				5583C5BC8B5247DBB94936F6 /* Poppins-Regular.ttf in Resources */,
				75DDF0C13967429B873D2140 /* Poppins-SemiBold.ttf in Resources */,
				86C84BF27BD0402B98C64FE2 /* Poppins-SemiBoldItalic.ttf in Resources */,
				C9959A3A3BF94F3EA65BC66C /* Poppins-Thin.ttf in Resources */,
				F9251991F496450D9A330519 /* Poppins-ThinItalic.ttf in Resources */,
				E5857DC1264B4DB49CD646DC /* RampartOne-Regular.ttf in Resources */,
			);
			runOnlyForDeploymentPostprocessing = 0;
		};
/* End PBXResourcesBuildPhase section */

/* Begin PBXShellScriptBuildPhase section */
		00DD1BFF1BD5951E006B06BC /* Bundle React Native code and images */ = {
			isa = PBXShellScriptBuildPhase;
			buildActionMask = 2147483647;
			files = (
			);
			inputPaths = (
				"$(SRCROOT)/.xcode.env.local",
				"$(SRCROOT)/.xcode.env",
			);
			name = "Bundle React Native code and images";
			outputPaths = (
			);
			runOnlyForDeploymentPostprocessing = 0;
			shellPath = /bin/sh;
			shellScript = "set -e\n\nWITH_ENVIRONMENT=\"$REACT_NATIVE_PATH/scripts/xcode/with-environment.sh\"\nREACT_NATIVE_XCODE=\"$REACT_NATIVE_PATH/scripts/react-native-xcode.sh\"\n\n/bin/sh -c \"$WITH_ENVIRONMENT $REACT_NATIVE_XCODE\"\n";
		};
		749ADCFC518774BF1135C280 /* [CP-User] [RNFB] Core Configuration */ = {
			isa = PBXShellScriptBuildPhase;
			buildActionMask = 2147483647;
			files = (
			);
			inputPaths = (
				"$(BUILT_PRODUCTS_DIR)/$(INFOPLIST_PATH)",
			);
			name = "[CP-User] [RNFB] Core Configuration";
			runOnlyForDeploymentPostprocessing = 0;
			shellPath = /bin/sh;
			shellScript = "#!/usr/bin/env bash\n#\n# Copyright (c) 2016-present Invertase Limited & Contributors\n#\n# Licensed under the Apache License, Version 2.0 (the \"License\");\n# you may not use this library except in compliance with the License.\n# You may obtain a copy of the License at\n#\n#   http://www.apache.org/licenses/LICENSE-2.0\n#\n# Unless required by applicable law or agreed to in writing, software\n# distributed under the License is distributed on an \"AS IS\" BASIS,\n# WITHOUT WARRANTIES OR CONDITIONS OF ANY KIND, either express or implied.\n# See the License for the specific language governing permissions and\n# limitations under the License.\n#\n\n##########################################################################\n##########################################################################\n#\n#  NOTE THAT IF YOU CHANGE THIS FILE YOU MUST RUN pod install AFTERWARDS\n#\n#  This file is installed as an Xcode build script in the project file\n#  by cocoapods, and you will not see your changes until you pod install\n#\n##########################################################################\n##########################################################################\n\nset -e\n\n_MAX_LOOKUPS=2;\n_SEARCH_RESULT=''\n_RN_ROOT_EXISTS=''\n_CURRENT_LOOKUPS=1\n_JSON_ROOT=\"'react-native'\"\n_JSON_FILE_NAME='firebase.json'\n_JSON_OUTPUT_BASE64='e30=' # { }\n_CURRENT_SEARCH_DIR=${PROJECT_DIR}\n_PLIST_BUDDY=/usr/libexec/PlistBuddy\n_TARGET_PLIST=\"${BUILT_PRODUCTS_DIR}/${INFOPLIST_PATH}\"\n_DSYM_PLIST=\"${DWARF_DSYM_FOLDER_PATH}/${DWARF_DSYM_FILE_NAME}/Contents/Info.plist\"\n\n# plist arrays\n_PLIST_ENTRY_KEYS=()\n_PLIST_ENTRY_TYPES=()\n_PLIST_ENTRY_VALUES=()\n\nfunction setPlistValue {\n  echo \"info:      setting plist entry '$1' of type '$2' in file '$4'\"\n  ${_PLIST_BUDDY} -c \"Add :$1 $2 '$3'\" $4 || echo \"info:      '$1' already exists\"\n}\n\nfunction getFirebaseJsonKeyValue () {\n  if [[ ${_RN_ROOT_EXISTS} ]]; then\n    ruby -Ku -e \"require 'rubygems';require 'json'; output=JSON.parse('$1'); puts output[$_JSON_ROOT]['$2']\"\n  else\n    echo \"\"\n  fi;\n}\n\nfunction jsonBoolToYesNo () {\n  if [[ $1 == \"false\" ]]; then\n    echo \"NO\"\n  elif [[ $1 == \"true\" ]]; then\n    echo \"YES\"\n  else echo \"NO\"\n  fi\n}\n\necho \"info: -> RNFB build script started\"\necho \"info: 1) Locating ${_JSON_FILE_NAME} file:\"\n\nif [[ -z ${_CURRENT_SEARCH_DIR} ]]; then\n  _CURRENT_SEARCH_DIR=$(pwd)\nfi;\n\nwhile true; do\n  _CURRENT_SEARCH_DIR=$(dirname \"$_CURRENT_SEARCH_DIR\")\n  if [[ \"$_CURRENT_SEARCH_DIR\" == \"/\" ]] || [[ ${_CURRENT_LOOKUPS} -gt ${_MAX_LOOKUPS} ]]; then break; fi;\n  echo \"info:      ($_CURRENT_LOOKUPS of $_MAX_LOOKUPS) Searching in '$_CURRENT_SEARCH_DIR' for a ${_JSON_FILE_NAME} file.\"\n  _SEARCH_RESULT=$(find \"$_CURRENT_SEARCH_DIR\" -maxdepth 2 -name ${_JSON_FILE_NAME} -print | /usr/bin/head -n 1)\n  if [[ ${_SEARCH_RESULT} ]]; then\n    echo \"info:      ${_JSON_FILE_NAME} found at $_SEARCH_RESULT\"\n    break;\n  fi;\n  _CURRENT_LOOKUPS=$((_CURRENT_LOOKUPS+1))\ndone\n\nif [[ ${_SEARCH_RESULT} ]]; then\n  _JSON_OUTPUT_RAW=$(cat \"${_SEARCH_RESULT}\")\n  _RN_ROOT_EXISTS=$(ruby -Ku -e \"require 'rubygems';require 'json'; output=JSON.parse('$_JSON_OUTPUT_RAW'); puts output[$_JSON_ROOT]\" || echo '')\n\n  if [[ ${_RN_ROOT_EXISTS} ]]; then\n    if ! python3 --version >/dev/null 2>&1; then echo \"python3 not found, firebase.json file processing error.\" && exit 1; fi\n    _JSON_OUTPUT_BASE64=$(python3 -c 'import json,sys,base64;print(base64.b64encode(bytes(json.dumps(json.loads(open('\"'${_SEARCH_RESULT}'\"', '\"'rb'\"').read())['${_JSON_ROOT}']), '\"'utf-8'\"')).decode())' || echo \"e30=\")\n  fi\n\n  _PLIST_ENTRY_KEYS+=(\"firebase_json_raw\")\n  _PLIST_ENTRY_TYPES+=(\"string\")\n  _PLIST_ENTRY_VALUES+=(\"$_JSON_OUTPUT_BASE64\")\n\n  # config.app_data_collection_default_enabled\n  _APP_DATA_COLLECTION_ENABLED=$(getFirebaseJsonKeyValue \"$_JSON_OUTPUT_RAW\" \"app_data_collection_default_enabled\")\n  if [[ $_APP_DATA_COLLECTION_ENABLED ]]; then\n    _PLIST_ENTRY_KEYS+=(\"FirebaseDataCollectionDefaultEnabled\")\n    _PLIST_ENTRY_TYPES+=(\"bool\")\n    _PLIST_ENTRY_VALUES+=(\"$(jsonBoolToYesNo \"$_APP_DATA_COLLECTION_ENABLED\")\")\n  fi\n\n  # config.analytics_auto_collection_enabled\n  _ANALYTICS_AUTO_COLLECTION=$(getFirebaseJsonKeyValue \"$_JSON_OUTPUT_RAW\" \"analytics_auto_collection_enabled\")\n  if [[ $_ANALYTICS_AUTO_COLLECTION ]]; then\n    _PLIST_ENTRY_KEYS+=(\"FIREBASE_ANALYTICS_COLLECTION_ENABLED\")\n    _PLIST_ENTRY_TYPES+=(\"bool\")\n    _PLIST_ENTRY_VALUES+=(\"$(jsonBoolToYesNo \"$_ANALYTICS_AUTO_COLLECTION\")\")\n  fi\n\n  # config.analytics_collection_deactivated\n  _ANALYTICS_DEACTIVATED=$(getFirebaseJsonKeyValue \"$_JSON_OUTPUT_RAW\" \"analytics_collection_deactivated\")\n  if [[ $_ANALYTICS_DEACTIVATED ]]; then\n    _PLIST_ENTRY_KEYS+=(\"FIREBASE_ANALYTICS_COLLECTION_DEACTIVATED\")\n    _PLIST_ENTRY_TYPES+=(\"bool\")\n    _PLIST_ENTRY_VALUES+=(\"$(jsonBoolToYesNo \"$_ANALYTICS_DEACTIVATED\")\")\n  fi\n\n  # config.analytics_idfv_collection_enabled\n  _ANALYTICS_IDFV_COLLECTION=$(getFirebaseJsonKeyValue \"$_JSON_OUTPUT_RAW\" \"analytics_idfv_collection_enabled\")\n  if [[ $_ANALYTICS_IDFV_COLLECTION ]]; then\n    _PLIST_ENTRY_KEYS+=(\"GOOGLE_ANALYTICS_IDFV_COLLECTION_ENABLED\")\n    _PLIST_ENTRY_TYPES+=(\"bool\")\n    _PLIST_ENTRY_VALUES+=(\"$(jsonBoolToYesNo \"$_ANALYTICS_IDFV_COLLECTION\")\")\n  fi\n\n  # config.analytics_default_allow_analytics_storage\n  _ANALYTICS_STORAGE=$(getFirebaseJsonKeyValue \"$_JSON_OUTPUT_RAW\" \"analytics_default_allow_analytics_storage\")\n  if [[ $_ANALYTICS_STORAGE ]]; then\n    _PLIST_ENTRY_KEYS+=(\"GOOGLE_ANALYTICS_DEFAULT_ALLOW_ANALYTICS_STORAGE\")\n    _PLIST_ENTRY_TYPES+=(\"bool\")\n    _PLIST_ENTRY_VALUES+=(\"$(jsonBoolToYesNo \"$_ANALYTICS_STORAGE\")\")\n  fi\n\n  # config.analytics_default_allow_ad_storage\n  _ANALYTICS_AD_STORAGE=$(getFirebaseJsonKeyValue \"$_JSON_OUTPUT_RAW\" \"analytics_default_allow_ad_storage\")\n  if [[ $_ANALYTICS_AD_STORAGE ]]; then\n    _PLIST_ENTRY_KEYS+=(\"GOOGLE_ANALYTICS_DEFAULT_ALLOW_AD_STORAGE\")\n    _PLIST_ENTRY_TYPES+=(\"bool\")\n    _PLIST_ENTRY_VALUES+=(\"$(jsonBoolToYesNo \"$_ANALYTICS_AD_STORAGE\")\")\n  fi\n\n  # config.analytics_default_allow_ad_user_data\n  _ANALYTICS_AD_USER_DATA=$(getFirebaseJsonKeyValue \"$_JSON_OUTPUT_RAW\" \"analytics_default_allow_ad_user_data\")\n  if [[ $_ANALYTICS_AD_USER_DATA ]]; then\n    _PLIST_ENTRY_KEYS+=(\"GOOGLE_ANALYTICS_DEFAULT_ALLOW_AD_USER_DATA\")\n    _PLIST_ENTRY_TYPES+=(\"bool\")\n    _PLIST_ENTRY_VALUES+=(\"$(jsonBoolToYesNo \"$_ANALYTICS_AD_USER_DATA\")\")\n  fi\n\n  # config.analytics_default_allow_ad_personalization_signals\n  _ANALYTICS_PERSONALIZATION=$(getFirebaseJsonKeyValue \"$_JSON_OUTPUT_RAW\" \"analytics_default_allow_ad_personalization_signals\")\n  if [[ $_ANALYTICS_PERSONALIZATION ]]; then\n    _PLIST_ENTRY_KEYS+=(\"GOOGLE_ANALYTICS_DEFAULT_ALLOW_AD_PERSONALIZATION_SIGNALS\")\n    _PLIST_ENTRY_TYPES+=(\"bool\")\n    _PLIST_ENTRY_VALUES+=(\"$(jsonBoolToYesNo \"$_ANALYTICS_PERSONALIZATION\")\")\n  fi\n\n  # config.analytics_registration_with_ad_network_enabled\n  _ANALYTICS_REGISTRATION_WITH_AD_NETWORK=$(getFirebaseJsonKeyValue \"$_JSON_OUTPUT_RAW\" \"google_analytics_registration_with_ad_network_enabled\")\n  if [[ $_ANALYTICS_REGISTRATION_WITH_AD_NETWORK ]]; then\n    _PLIST_ENTRY_KEYS+=(\"GOOGLE_ANALYTICS_REGISTRATION_WITH_AD_NETWORK_ENABLED\")\n    _PLIST_ENTRY_TYPES+=(\"bool\")\n    _PLIST_ENTRY_VALUES+=(\"$(jsonBoolToYesNo \"$_ANALYTICS_REGISTRATION_WITH_AD_NETWORK\")\")\n  fi\n\n  # config.google_analytics_automatic_screen_reporting_enabled\n  _ANALYTICS_AUTO_SCREEN_REPORTING=$(getFirebaseJsonKeyValue \"$_JSON_OUTPUT_RAW\" \"google_analytics_automatic_screen_reporting_enabled\")\n  if [[ $_ANALYTICS_AUTO_SCREEN_REPORTING ]]; then\n    _PLIST_ENTRY_KEYS+=(\"FirebaseAutomaticScreenReportingEnabled\")\n    _PLIST_ENTRY_TYPES+=(\"bool\")\n    _PLIST_ENTRY_VALUES+=(\"$(jsonBoolToYesNo \"$_ANALYTICS_AUTO_SCREEN_REPORTING\")\")\n  fi\n\n  # config.perf_auto_collection_enabled\n  _PERF_AUTO_COLLECTION=$(getFirebaseJsonKeyValue \"$_JSON_OUTPUT_RAW\" \"perf_auto_collection_enabled\")\n  if [[ $_PERF_AUTO_COLLECTION ]]; then\n    _PLIST_ENTRY_KEYS+=(\"firebase_performance_collection_enabled\")\n    _PLIST_ENTRY_TYPES+=(\"bool\")\n    _PLIST_ENTRY_VALUES+=(\"$(jsonBoolToYesNo \"$_PERF_AUTO_COLLECTION\")\")\n  fi\n\n  # config.perf_collection_deactivated\n  _PERF_DEACTIVATED=$(getFirebaseJsonKeyValue \"$_JSON_OUTPUT_RAW\" \"perf_collection_deactivated\")\n  if [[ $_PERF_DEACTIVATED ]]; then\n    _PLIST_ENTRY_KEYS+=(\"firebase_performance_collection_deactivated\")\n    _PLIST_ENTRY_TYPES+=(\"bool\")\n    _PLIST_ENTRY_VALUES+=(\"$(jsonBoolToYesNo \"$_PERF_DEACTIVATED\")\")\n  fi\n\n  # config.messaging_auto_init_enabled\n  _MESSAGING_AUTO_INIT=$(getFirebaseJsonKeyValue \"$_JSON_OUTPUT_RAW\" \"messaging_auto_init_enabled\")\n  if [[ $_MESSAGING_AUTO_INIT ]]; then\n    _PLIST_ENTRY_KEYS+=(\"FirebaseMessagingAutoInitEnabled\")\n    _PLIST_ENTRY_TYPES+=(\"bool\")\n    _PLIST_ENTRY_VALUES+=(\"$(jsonBoolToYesNo \"$_MESSAGING_AUTO_INIT\")\")\n  fi\n\n  # config.in_app_messaging_auto_colllection_enabled\n  _FIAM_AUTO_INIT=$(getFirebaseJsonKeyValue \"$_JSON_OUTPUT_RAW\" \"in_app_messaging_auto_collection_enabled\")\n  if [[ $_FIAM_AUTO_INIT ]]; then\n    _PLIST_ENTRY_KEYS+=(\"FirebaseInAppMessagingAutomaticDataCollectionEnabled\")\n    _PLIST_ENTRY_TYPES+=(\"bool\")\n    _PLIST_ENTRY_VALUES+=(\"$(jsonBoolToYesNo \"$_FIAM_AUTO_INIT\")\")\n  fi\n\n  # config.app_check_token_auto_refresh\n  _APP_CHECK_TOKEN_AUTO_REFRESH=$(getFirebaseJsonKeyValue \"$_JSON_OUTPUT_RAW\" \"app_check_token_auto_refresh\")\n  if [[ $_APP_CHECK_TOKEN_AUTO_REFRESH ]]; then\n    _PLIST_ENTRY_KEYS+=(\"FirebaseAppCheckTokenAutoRefreshEnabled\")\n    _PLIST_ENTRY_TYPES+=(\"bool\")\n    _PLIST_ENTRY_VALUES+=(\"$(jsonBoolToYesNo \"$_APP_CHECK_TOKEN_AUTO_REFRESH\")\")\n  fi\n\n  # config.crashlytics_disable_auto_disabler - undocumented for now - mainly for debugging, document if becomes useful\n  _CRASHLYTICS_AUTO_DISABLE_ENABLED=$(getFirebaseJsonKeyValue \"$_JSON_OUTPUT_RAW\" \"crashlytics_disable_auto_disabler\")\n  if [[ $_CRASHLYTICS_AUTO_DISABLE_ENABLED == \"true\" ]]; then\n    echo \"Disabled Crashlytics auto disabler.\" # do nothing\n  else\n    _PLIST_ENTRY_KEYS+=(\"FirebaseCrashlyticsCollectionEnabled\")\n    _PLIST_ENTRY_TYPES+=(\"bool\")\n    _PLIST_ENTRY_VALUES+=(\"NO\")\n  fi\nelse\n  _PLIST_ENTRY_KEYS+=(\"firebase_json_raw\")\n  _PLIST_ENTRY_TYPES+=(\"string\")\n  _PLIST_ENTRY_VALUES+=(\"$_JSON_OUTPUT_BASE64\")\n  echo \"warning:   A firebase.json file was not found, whilst this file is optional it is recommended to include it to configure firebase services in React Native Firebase.\"\nfi;\n\necho \"info: 2) Injecting Info.plist entries: \"\n\n# Log out the keys we're adding\nfor i in \"${!_PLIST_ENTRY_KEYS[@]}\"; do\n  echo \"    ->  $i) ${_PLIST_ENTRY_KEYS[$i]}\" \"${_PLIST_ENTRY_TYPES[$i]}\" \"${_PLIST_ENTRY_VALUES[$i]}\"\ndone\n\nfor plist in \"${_TARGET_PLIST}\" \"${_DSYM_PLIST}\" ; do\n  if [[ -f \"${plist}\" ]]; then\n\n    # paths with spaces break the call to setPlistValue. temporarily modify\n    # the shell internal field separator variable (IFS), which normally\n    # includes spaces, to consist only of line breaks\n    oldifs=$IFS\n    IFS=\"\n\"\n\n    for i in \"${!_PLIST_ENTRY_KEYS[@]}\"; do\n      setPlistValue \"${_PLIST_ENTRY_KEYS[$i]}\" \"${_PLIST_ENTRY_TYPES[$i]}\" \"${_PLIST_ENTRY_VALUES[$i]}\" \"${plist}\"\n    done\n\n    # restore the original internal field separator value\n    IFS=$oldifs\n  else\n    echo \"warning:   A Info.plist build output file was not found (${plist})\"\n  fi\ndone\n\necho \"info: <- RNFB build script finished\"\n";
		};
		B67ECB93DB7B6AFB920ACCF7 /* [CP] Copy Pods Resources */ = {
			isa = PBXShellScriptBuildPhase;
			buildActionMask = 2147483647;
			files = (
			);
			inputFileListPaths = (
				"${PODS_ROOT}/Target Support Files/Pods-Skyline/Pods-Skyline-resources-${CONFIGURATION}-input-files.xcfilelist",
			);
			name = "[CP] Copy Pods Resources";
			outputFileListPaths = (
				"${PODS_ROOT}/Target Support Files/Pods-Skyline/Pods-Skyline-resources-${CONFIGURATION}-output-files.xcfilelist",
			);
			runOnlyForDeploymentPostprocessing = 0;
			shellPath = /bin/sh;
			shellScript = "\"${PODS_ROOT}/Target Support Files/Pods-Skyline/Pods-Skyline-resources.sh\"\n";
			showEnvVarsInLog = 0;
		};
		E49B1C04312EB7D9E0C4FDEB /* [CP] Check Pods Manifest.lock */ = {
			isa = PBXShellScriptBuildPhase;
			buildActionMask = 2147483647;
			files = (
			);
			inputFileListPaths = (
			);
			inputPaths = (
				"${PODS_PODFILE_DIR_PATH}/Podfile.lock",
				"${PODS_ROOT}/Manifest.lock",
			);
			name = "[CP] Check Pods Manifest.lock";
			outputFileListPaths = (
			);
			outputPaths = (
				"$(DERIVED_FILE_DIR)/Pods-Skyline-checkManifestLockResult.txt",
			);
			runOnlyForDeploymentPostprocessing = 0;
			shellPath = /bin/sh;
			shellScript = "diff \"${PODS_PODFILE_DIR_PATH}/Podfile.lock\" \"${PODS_ROOT}/Manifest.lock\" > /dev/null\nif [ $? != 0 ] ; then\n    # print error to STDERR\n    echo \"error: The sandbox is not in sync with the Podfile.lock. Run 'pod install' or update your CocoaPods installation.\" >&2\n    exit 1\nfi\n# This output is used by Xcode 'outputs' to avoid re-running this script phase.\necho \"SUCCESS\" > \"${SCRIPT_OUTPUT_FILE_0}\"\n";
			showEnvVarsInLog = 0;
		};
		FEBD881612604E2A6CAF5FBF /* [CP] Embed Pods Frameworks */ = {
			isa = PBXShellScriptBuildPhase;
			buildActionMask = 2147483647;
			files = (
			);
			inputFileListPaths = (
				"${PODS_ROOT}/Target Support Files/Pods-Skyline/Pods-Skyline-frameworks-${CONFIGURATION}-input-files.xcfilelist",
			);
			name = "[CP] Embed Pods Frameworks";
			outputFileListPaths = (
				"${PODS_ROOT}/Target Support Files/Pods-Skyline/Pods-Skyline-frameworks-${CONFIGURATION}-output-files.xcfilelist",
			);
			runOnlyForDeploymentPostprocessing = 0;
			shellPath = /bin/sh;
			shellScript = "\"${PODS_ROOT}/Target Support Files/Pods-Skyline/Pods-Skyline-frameworks.sh\"\n";
			showEnvVarsInLog = 0;
		};
/* End PBXShellScriptBuildPhase section */

/* Begin PBXSourcesBuildPhase section */
		13B07F871A680F5B00A75B9A /* Sources */ = {
			isa = PBXSourcesBuildPhase;
			buildActionMask = 2147483647;
			files = (
				761780ED2CA45674006654EE /* AppDelegate.swift in Sources */,
			);
			runOnlyForDeploymentPostprocessing = 0;
		};
/* End PBXSourcesBuildPhase section */

/* Begin XCBuildConfiguration section */
		13B07F941A680F5B00A75B9A /* Debug */ = {
			isa = XCBuildConfiguration;
			baseConfigurationReference = D7719C7FCF6922868BD6E224 /* Pods-Skyline.debug.xcconfig */;
			buildSettings = {
				ASSETCATALOG_COMPILER_APPICON_NAME = AppIcon;
				CLANG_ENABLE_MODULES = YES;
				CODE_SIGN_IDENTITY = "Apple Development";
				CODE_SIGN_STYLE = Automatic;
				CURRENT_PROJECT_VERSION = 1;
				DEVELOPMENT_TEAM = 83GJXXRS32;
				ENABLE_BITCODE = NO;
				INFOPLIST_FILE = Skyline/Info.plist;
				IPHONEOS_DEPLOYMENT_TARGET = 15.1;
				LD_RUNPATH_SEARCH_PATHS = (
					"$(inherited)",
					"@executable_path/Frameworks",
				);
				MARKETING_VERSION = 1.0;
				OTHER_LDFLAGS = (
					"$(inherited)",
					"-ObjC",
					"-lc++",
				);
				PRODUCT_BUNDLE_IDENTIFIER = "org.reactjs.native.example.$(PRODUCT_NAME:rfc1034identifier)";
				"PRODUCT_BUNDLE_IDENTIFIER[sdk=iphoneos*]" = mlb.skyline;
				PRODUCT_NAME = Skyline;
				PROVISIONING_PROFILE_SPECIFIER = "";
				SWIFT_OPTIMIZATION_LEVEL = "-Onone";
				SWIFT_VERSION = 5.0;
				VERSIONING_SYSTEM = "apple-generic";
			};
			name = Debug;
		};
		13B07F951A680F5B00A75B9A /* Release */ = {
			isa = XCBuildConfiguration;
			baseConfigurationReference = 0AB28DA1081963AA678C6DD1 /* Pods-Skyline.release.xcconfig */;
			buildSettings = {
				ASSETCATALOG_COMPILER_APPICON_NAME = AppIcon;
				CLANG_ENABLE_MODULES = YES;
				CODE_SIGN_IDENTITY = "Apple Development";
				CODE_SIGN_STYLE = Automatic;
				CURRENT_PROJECT_VERSION = 1;
				DEVELOPMENT_TEAM = 83GJXXRS32;
				INFOPLIST_FILE = Skyline/Info.plist;
				IPHONEOS_DEPLOYMENT_TARGET = 15.1;
				LD_RUNPATH_SEARCH_PATHS = (
					"$(inherited)",
					"@executable_path/Frameworks",
				);
				MARKETING_VERSION = 1.0;
				OTHER_LDFLAGS = (
					"$(inherited)",
					"-ObjC",
					"-lc++",
				);
				PRODUCT_BUNDLE_IDENTIFIER = "org.reactjs.native.example.$(PRODUCT_NAME:rfc1034identifier)";
				"PRODUCT_BUNDLE_IDENTIFIER[sdk=iphoneos*]" = mlb.skyline;
				PRODUCT_NAME = Skyline;
				PROVISIONING_PROFILE_SPECIFIER = "";
				SWIFT_VERSION = 5.0;
				VERSIONING_SYSTEM = "apple-generic";
			};
			name = Release;
		};
		83CBBA201A601CBA00E9B192 /* Debug */ = {
			isa = XCBuildConfiguration;
			buildSettings = {
				ALWAYS_SEARCH_USER_PATHS = NO;
				CLANG_ANALYZER_LOCALIZABILITY_NONLOCALIZED = YES;
				CLANG_CXX_LANGUAGE_STANDARD = "c++20";
				CLANG_CXX_LIBRARY = "libc++";
				CLANG_ENABLE_MODULES = YES;
				CLANG_ENABLE_OBJC_ARC = YES;
				CLANG_WARN_BLOCK_CAPTURE_AUTORELEASING = YES;
				CLANG_WARN_BOOL_CONVERSION = YES;
				CLANG_WARN_COMMA = YES;
				CLANG_WARN_CONSTANT_CONVERSION = YES;
				CLANG_WARN_DEPRECATED_OBJC_IMPLEMENTATIONS = YES;
				CLANG_WARN_DIRECT_OBJC_ISA_USAGE = YES_ERROR;
				CLANG_WARN_EMPTY_BODY = YES;
				CLANG_WARN_ENUM_CONVERSION = YES;
				CLANG_WARN_INFINITE_RECURSION = YES;
				CLANG_WARN_INT_CONVERSION = YES;
				CLANG_WARN_NON_LITERAL_NULL_CONVERSION = YES;
				CLANG_WARN_OBJC_IMPLICIT_RETAIN_SELF = YES;
				CLANG_WARN_OBJC_LITERAL_CONVERSION = YES;
				CLANG_WARN_OBJC_ROOT_CLASS = YES_ERROR;
				CLANG_WARN_QUOTED_INCLUDE_IN_FRAMEWORK_HEADER = YES;
				CLANG_WARN_RANGE_LOOP_ANALYSIS = YES;
				CLANG_WARN_STRICT_PROTOTYPES = YES;
				CLANG_WARN_SUSPICIOUS_MOVE = YES;
				CLANG_WARN_UNREACHABLE_CODE = YES;
				CLANG_WARN__DUPLICATE_METHOD_MATCH = YES;
				"CODE_SIGN_IDENTITY[sdk=iphoneos*]" = "iPhone Developer";
				COPY_PHASE_STRIP = YES;
				ENABLE_STRICT_OBJC_MSGSEND = YES;
				ENABLE_TESTABILITY = YES;
				ENABLE_USER_SCRIPT_SANDBOXING = NO;
				"EXCLUDED_ARCHS[sdk=iphonesimulator*]" = "";
				GCC_C_LANGUAGE_STANDARD = gnu99;
				GCC_DYNAMIC_NO_PIC = NO;
				GCC_NO_COMMON_BLOCKS = YES;
				GCC_OPTIMIZATION_LEVEL = 0;
				GCC_PREPROCESSOR_DEFINITIONS = (
					"DEBUG=1",
					"$(inherited)",
				);
				GCC_SYMBOLS_PRIVATE_EXTERN = NO;
				GCC_WARN_64_TO_32_BIT_CONVERSION = YES;
				GCC_WARN_ABOUT_RETURN_TYPE = YES_ERROR;
				GCC_WARN_UNDECLARED_SELECTOR = YES;
				GCC_WARN_UNINITIALIZED_AUTOS = YES_AGGRESSIVE;
				GCC_WARN_UNUSED_FUNCTION = YES;
				GCC_WARN_UNUSED_VARIABLE = YES;
				HEADER_SEARCH_PATHS = (
					"$(inherited)",
					"${PODS_CONFIGURATION_BUILD_DIR}/ReactCommon/ReactCommon.framework/Headers",
					"${PODS_CONFIGURATION_BUILD_DIR}/ReactCommon/ReactCommon.framework/Headers/react/nativemodule/core",
					"${PODS_CONFIGURATION_BUILD_DIR}/ReactCommon-Samples/ReactCommon_Samples.framework/Headers",
					"${PODS_CONFIGURATION_BUILD_DIR}/ReactCommon-Samples/ReactCommon_Samples.framework/Headers/platform/ios",
					"${PODS_CONFIGURATION_BUILD_DIR}/React-Fabric/React_Fabric.framework/Headers/react/renderer/components/view/platform/cxx",
					"${PODS_CONFIGURATION_BUILD_DIR}/React-NativeModulesApple/React_NativeModulesApple.framework/Headers",
					"${PODS_CONFIGURATION_BUILD_DIR}/React-graphics/React_graphics.framework/Headers",
					"${PODS_CONFIGURATION_BUILD_DIR}/React-graphics/React_graphics.framework/Headers/react/renderer/graphics/platform/ios",
				);
				IPHONEOS_DEPLOYMENT_TARGET = 15.1;
				LD_RUNPATH_SEARCH_PATHS = (
					/usr/lib/swift,
					"$(inherited)",
				);
				LIBRARY_SEARCH_PATHS = (
					"\"$(SDKROOT)/usr/lib/swift\"",
					"\"$(TOOLCHAIN_DIR)/usr/lib/swift/$(PLATFORM_NAME)\"",
					"\"$(inherited)\"",
				);
				MTL_ENABLE_DEBUG_INFO = YES;
				ONLY_ACTIVE_ARCH = YES;
				OTHER_CPLUSPLUSFLAGS = (
					"$(OTHER_CFLAGS)",
					"-DFOLLY_NO_CONFIG",
					"-DFOLLY_MOBILE=1",
					"-DFOLLY_USE_LIBCPP=1",
					"-DFOLLY_CFG_NO_COROUTINES=1",
					"-DFOLLY_HAVE_CLOCK_GETTIME=1",
				);
				OTHER_LDFLAGS = (
					"$(inherited)",
					" ",
				);
				REACT_NATIVE_PATH = "${PODS_ROOT}/../../node_modules/react-native";
				SDKROOT = iphoneos;
				SWIFT_ACTIVE_COMPILATION_CONDITIONS = "$(inherited) DEBUG";
				USE_HERMES = true;
			};
			name = Debug;
		};
		83CBBA211A601CBA00E9B192 /* Release */ = {
			isa = XCBuildConfiguration;
			buildSettings = {
				ALWAYS_SEARCH_USER_PATHS = NO;
				CLANG_ANALYZER_LOCALIZABILITY_NONLOCALIZED = YES;
				CLANG_CXX_LANGUAGE_STANDARD = "c++20";
				CLANG_CXX_LIBRARY = "libc++";
				CLANG_ENABLE_MODULES = YES;
				CLANG_ENABLE_OBJC_ARC = YES;
				CLANG_WARN_BLOCK_CAPTURE_AUTORELEASING = YES;
				CLANG_WARN_BOOL_CONVERSION = YES;
				CLANG_WARN_COMMA = YES;
				CLANG_WARN_CONSTANT_CONVERSION = YES;
				CLANG_WARN_DEPRECATED_OBJC_IMPLEMENTATIONS = YES;
				CLANG_WARN_DIRECT_OBJC_ISA_USAGE = YES_ERROR;
				CLANG_WARN_EMPTY_BODY = YES;
				CLANG_WARN_ENUM_CONVERSION = YES;
				CLANG_WARN_INFINITE_RECURSION = YES;
				CLANG_WARN_INT_CONVERSION = YES;
				CLANG_WARN_NON_LITERAL_NULL_CONVERSION = YES;
				CLANG_WARN_OBJC_IMPLICIT_RETAIN_SELF = YES;
				CLANG_WARN_OBJC_LITERAL_CONVERSION = YES;
				CLANG_WARN_OBJC_ROOT_CLASS = YES_ERROR;
				CLANG_WARN_QUOTED_INCLUDE_IN_FRAMEWORK_HEADER = YES;
				CLANG_WARN_RANGE_LOOP_ANALYSIS = YES;
				CLANG_WARN_STRICT_PROTOTYPES = YES;
				CLANG_WARN_SUSPICIOUS_MOVE = YES;
				CLANG_WARN_UNREACHABLE_CODE = YES;
				CLANG_WARN__DUPLICATE_METHOD_MATCH = YES;
				"CODE_SIGN_IDENTITY[sdk=iphoneos*]" = "iPhone Developer";
				COPY_PHASE_STRIP = YES;
				ENABLE_NS_ASSERTIONS = NO;
				ENABLE_STRICT_OBJC_MSGSEND = YES;
				ENABLE_USER_SCRIPT_SANDBOXING = NO;
				"EXCLUDED_ARCHS[sdk=iphonesimulator*]" = "";
				GCC_C_LANGUAGE_STANDARD = gnu99;
				GCC_NO_COMMON_BLOCKS = YES;
				GCC_WARN_64_TO_32_BIT_CONVERSION = YES;
				GCC_WARN_ABOUT_RETURN_TYPE = YES_ERROR;
				GCC_WARN_UNDECLARED_SELECTOR = YES;
				GCC_WARN_UNINITIALIZED_AUTOS = YES_AGGRESSIVE;
				GCC_WARN_UNUSED_FUNCTION = YES;
				GCC_WARN_UNUSED_VARIABLE = YES;
				HEADER_SEARCH_PATHS = (
					"$(inherited)",
					"${PODS_CONFIGURATION_BUILD_DIR}/ReactCommon/ReactCommon.framework/Headers",
					"${PODS_CONFIGURATION_BUILD_DIR}/ReactCommon/ReactCommon.framework/Headers/react/nativemodule/core",
					"${PODS_CONFIGURATION_BUILD_DIR}/ReactCommon-Samples/ReactCommon_Samples.framework/Headers",
					"${PODS_CONFIGURATION_BUILD_DIR}/ReactCommon-Samples/ReactCommon_Samples.framework/Headers/platform/ios",
					"${PODS_CONFIGURATION_BUILD_DIR}/React-Fabric/React_Fabric.framework/Headers/react/renderer/components/view/platform/cxx",
					"${PODS_CONFIGURATION_BUILD_DIR}/React-NativeModulesApple/React_NativeModulesApple.framework/Headers",
					"${PODS_CONFIGURATION_BUILD_DIR}/React-graphics/React_graphics.framework/Headers",
					"${PODS_CONFIGURATION_BUILD_DIR}/React-graphics/React_graphics.framework/Headers/react/renderer/graphics/platform/ios",
				);
				IPHONEOS_DEPLOYMENT_TARGET = 15.1;
				LD_RUNPATH_SEARCH_PATHS = (
					/usr/lib/swift,
					"$(inherited)",
				);
				LIBRARY_SEARCH_PATHS = (
					"\"$(SDKROOT)/usr/lib/swift\"",
					"\"$(TOOLCHAIN_DIR)/usr/lib/swift/$(PLATFORM_NAME)\"",
					"\"$(inherited)\"",
				);
				MTL_ENABLE_DEBUG_INFO = NO;
				OTHER_CPLUSPLUSFLAGS = (
					"$(OTHER_CFLAGS)",
					"-DFOLLY_NO_CONFIG",
					"-DFOLLY_MOBILE=1",
					"-DFOLLY_USE_LIBCPP=1",
					"-DFOLLY_CFG_NO_COROUTINES=1",
					"-DFOLLY_HAVE_CLOCK_GETTIME=1",
				);
				OTHER_LDFLAGS = (
					"$(inherited)",
					" ",
				);
				REACT_NATIVE_PATH = "${PODS_ROOT}/../../node_modules/react-native";
				SDKROOT = iphoneos;
				USE_HERMES = true;
				VALIDATE_PRODUCT = YES;
			};
			name = Release;
		};
/* End XCBuildConfiguration section */

/* Begin XCConfigurationList section */
		13B07F931A680F5B00A75B9A /* Build configuration list for PBXNativeTarget "Skyline" */ = {
			isa = XCConfigurationList;
			buildConfigurations = (
				13B07F941A680F5B00A75B9A /* Debug */,
				13B07F951A680F5B00A75B9A /* Release */,
			);
			defaultConfigurationIsVisible = 0;
			defaultConfigurationName = Release;
		};
		83CBB9FA1A601CBA00E9B192 /* Build configuration list for PBXProject "Skyline" */ = {
			isa = XCConfigurationList;
			buildConfigurations = (
				83CBBA201A601CBA00E9B192 /* Debug */,
				83CBBA211A601CBA00E9B192 /* Release */,
			);
			defaultConfigurationIsVisible = 0;
			defaultConfigurationName = Release;
		};
/* End XCConfigurationList section */

/* Begin XCRemoteSwiftPackageReference section */
		09EAE22A2D32CCE100217274 /* XCRemoteSwiftPackageReference "GoogleSignIn-iOS" */ = {
			isa = XCRemoteSwiftPackageReference;
			repositoryURL = "https://github.com/google/GoogleSignIn-iOS";
			requirement = {
				kind = upToNextMajorVersion;
				minimumVersion = 8.0.0;
			};
		};
/* End XCRemoteSwiftPackageReference section */
	};
	rootObject = 83CBB9F71A601CBA00E9B192 /* Project object */;
}
